// !$*UTF8*$!
{
	archiveVersion = 1;
	classes = {
	};
	objectVersion = 50;
	objects = {

/* Begin PBXBuildFile section */
		59252F7A2482036A00F6C929 /* AppDelegate.m in Sources */ = {isa = PBXBuildFile; fileRef = 59252F792482036A00F6C929 /* AppDelegate.m */; };
		59252F802482036A00F6C929 /* ViewController.m in Sources */ = {isa = PBXBuildFile; fileRef = 59252F7F2482036A00F6C929 /* ViewController.m */; };
		59252F832482036A00F6C929 /* Main.storyboard in Resources */ = {isa = PBXBuildFile; fileRef = 59252F812482036A00F6C929 /* Main.storyboard */; };
		59252F852482036B00F6C929 /* Assets.xcassets in Resources */ = {isa = PBXBuildFile; fileRef = 59252F842482036B00F6C929 /* Assets.xcassets */; };
		59252F882482036B00F6C929 /* LaunchScreen.storyboard in Resources */ = {isa = PBXBuildFile; fileRef = 59252F862482036B00F6C929 /* LaunchScreen.storyboard */; };
		59252F8B2482036B00F6C929 /* main.m in Sources */ = {isa = PBXBuildFile; fileRef = 59252F8A2482036B00F6C929 /* main.m */; };
		59252F952482036B00F6C929 /* iOSProjectTests.m in Sources */ = {isa = PBXBuildFile; fileRef = 59252F942482036B00F6C929 /* iOSProjectTests.m */; };
		59252FA02482036B00F6C929 /* iOSProjectUITests.m in Sources */ = {isa = PBXBuildFile; fileRef = 59252F9F2482036B00F6C929 /* iOSProjectUITests.m */; };
		59252FB12482081400F6C929 /* YHLock.m in Sources */ = {isa = PBXBuildFile; fileRef = 59252FB02482081400F6C929 /* YHLock.m */; };
		599009F924838BDB00DEE1B0 /* YHBlock.m in Sources */ = {isa = PBXBuildFile; fileRef = 599009F824838BDB00DEE1B0 /* YHBlock.m */; settings = {COMPILER_FLAGS = "-fno-objc-arc"; }; };
/* End PBXBuildFile section */

/* Begin PBXContainerItemProxy section */
		59252F912482036B00F6C929 /* PBXContainerItemProxy */ = {
			isa = PBXContainerItemProxy;
			containerPortal = 59252F6D2482036900F6C929 /* Project object */;
			proxyType = 1;
			remoteGlobalIDString = 59252F742482036900F6C929;
			remoteInfo = iOSProject;
		};
		59252F9C2482036B00F6C929 /* PBXContainerItemProxy */ = {
			isa = PBXContainerItemProxy;
			containerPortal = 59252F6D2482036900F6C929 /* Project object */;
			proxyType = 1;
			remoteGlobalIDString = 59252F742482036900F6C929;
			remoteInfo = iOSProject;
		};
/* End PBXContainerItemProxy section */

/* Begin PBXFileReference section */
		59252F752482036900F6C929 /* iOSProject.app */ = {isa = PBXFileReference; explicitFileType = wrapper.application; includeInIndex = 0; path = iOSProject.app; sourceTree = BUILT_PRODUCTS_DIR; };
		59252F782482036A00F6C929 /* AppDelegate.h */ = {isa = PBXFileReference; lastKnownFileType = sourcecode.c.h; path = AppDelegate.h; sourceTree = "<group>"; };
		59252F792482036A00F6C929 /* AppDelegate.m */ = {isa = PBXFileReference; lastKnownFileType = sourcecode.c.objc; path = AppDelegate.m; sourceTree = "<group>"; };
		59252F7E2482036A00F6C929 /* ViewController.h */ = {isa = PBXFileReference; lastKnownFileType = sourcecode.c.h; path = ViewController.h; sourceTree = "<group>"; };
		59252F7F2482036A00F6C929 /* ViewController.m */ = {isa = PBXFileReference; lastKnownFileType = sourcecode.c.objc; path = ViewController.m; sourceTree = "<group>"; };
		59252F822482036A00F6C929 /* Base */ = {isa = PBXFileReference; lastKnownFileType = file.storyboard; name = Base; path = Base.lproj/Main.storyboard; sourceTree = "<group>"; };
		59252F842482036B00F6C929 /* Assets.xcassets */ = {isa = PBXFileReference; lastKnownFileType = folder.assetcatalog; path = Assets.xcassets; sourceTree = "<group>"; };
		59252F872482036B00F6C929 /* Base */ = {isa = PBXFileReference; lastKnownFileType = file.storyboard; name = Base; path = Base.lproj/LaunchScreen.storyboard; sourceTree = "<group>"; };
		59252F892482036B00F6C929 /* Info.plist */ = {isa = PBXFileReference; lastKnownFileType = text.plist.xml; path = Info.plist; sourceTree = "<group>"; };
		59252F8A2482036B00F6C929 /* main.m */ = {isa = PBXFileReference; lastKnownFileType = sourcecode.c.objc; path = main.m; sourceTree = "<group>"; };
		59252F902482036B00F6C929 /* iOSProjectTests.xctest */ = {isa = PBXFileReference; explicitFileType = wrapper.cfbundle; includeInIndex = 0; path = iOSProjectTests.xctest; sourceTree = BUILT_PRODUCTS_DIR; };
		59252F942482036B00F6C929 /* iOSProjectTests.m */ = {isa = PBXFileReference; lastKnownFileType = sourcecode.c.objc; path = iOSProjectTests.m; sourceTree = "<group>"; };
		59252F962482036B00F6C929 /* Info.plist */ = {isa = PBXFileReference; lastKnownFileType = text.plist.xml; path = Info.plist; sourceTree = "<group>"; };
		59252F9B2482036B00F6C929 /* iOSProjectUITests.xctest */ = {isa = PBXFileReference; explicitFileType = wrapper.cfbundle; includeInIndex = 0; path = iOSProjectUITests.xctest; sourceTree = BUILT_PRODUCTS_DIR; };
		59252F9F2482036B00F6C929 /* iOSProjectUITests.m */ = {isa = PBXFileReference; lastKnownFileType = sourcecode.c.objc; path = iOSProjectUITests.m; sourceTree = "<group>"; };
		59252FA12482036B00F6C929 /* Info.plist */ = {isa = PBXFileReference; lastKnownFileType = text.plist.xml; path = Info.plist; sourceTree = "<group>"; };
		59252FAF2482081400F6C929 /* YHLock.h */ = {isa = PBXFileReference; lastKnownFileType = sourcecode.c.h; path = YHLock.h; sourceTree = "<group>"; };
		59252FB02482081400F6C929 /* YHLock.m */ = {isa = PBXFileReference; lastKnownFileType = sourcecode.c.objc; path = YHLock.m; sourceTree = "<group>"; };
		599009F724838BDB00DEE1B0 /* YHBlock.h */ = {isa = PBXFileReference; lastKnownFileType = sourcecode.c.h; path = YHBlock.h; sourceTree = "<group>"; };
		599009F824838BDB00DEE1B0 /* YHBlock.m */ = {isa = PBXFileReference; lastKnownFileType = sourcecode.c.objc; path = YHBlock.m; sourceTree = "<group>"; };
/* End PBXFileReference section */

/* Begin PBXFrameworksBuildPhase section */
		59252F722482036900F6C929 /* Frameworks */ = {
			isa = PBXFrameworksBuildPhase;
			buildActionMask = 2147483647;
			files = (
			);
			runOnlyForDeploymentPostprocessing = 0;
		};
		59252F8D2482036B00F6C929 /* Frameworks */ = {
			isa = PBXFrameworksBuildPhase;
			buildActionMask = 2147483647;
			files = (
			);
			runOnlyForDeploymentPostprocessing = 0;
		};
		59252F982482036B00F6C929 /* Frameworks */ = {
			isa = PBXFrameworksBuildPhase;
			buildActionMask = 2147483647;
			files = (
			);
			runOnlyForDeploymentPostprocessing = 0;
		};
/* End PBXFrameworksBuildPhase section */

/* Begin PBXGroup section */
		59252F6C2482036900F6C929 = {
			isa = PBXGroup;
			children = (
				59252F772482036900F6C929 /* iOSProject */,
				59252F932482036B00F6C929 /* iOSProjectTests */,
				59252F9E2482036B00F6C929 /* iOSProjectUITests */,
				59252F762482036900F6C929 /* Products */,
			);
			sourceTree = "<group>";
		};
		59252F762482036900F6C929 /* Products */ = {
			isa = PBXGroup;
			children = (
				59252F752482036900F6C929 /* iOSProject.app */,
				59252F902482036B00F6C929 /* iOSProjectTests.xctest */,
				59252F9B2482036B00F6C929 /* iOSProjectUITests.xctest */,
			);
			name = Products;
			sourceTree = "<group>";
		};
		59252F772482036900F6C929 /* iOSProject */ = {
			isa = PBXGroup;
			children = (
				59252F782482036A00F6C929 /* AppDelegate.h */,
				59252FAE2482059900F6C929 /* New Group */,
				59252F792482036A00F6C929 /* AppDelegate.m */,
				59252F7E2482036A00F6C929 /* ViewController.h */,
				59252F7F2482036A00F6C929 /* ViewController.m */,
				599009F624838BB500DEE1B0 /* Block */,
				59252FAD2482057C00F6C929 /* 多线程 */,
				59252F812482036A00F6C929 /* Main.storyboard */,
				59252F842482036B00F6C929 /* Assets.xcassets */,
				59252F862482036B00F6C929 /* LaunchScreen.storyboard */,
				59252F892482036B00F6C929 /* Info.plist */,
				59252F8A2482036B00F6C929 /* main.m */,
			);
			path = iOSProject;
			sourceTree = "<group>";
		};
		59252F932482036B00F6C929 /* iOSProjectTests */ = {
			isa = PBXGroup;
			children = (
				59252F942482036B00F6C929 /* iOSProjectTests.m */,
				59252F962482036B00F6C929 /* Info.plist */,
			);
			path = iOSProjectTests;
			sourceTree = "<group>";
		};
		59252F9E2482036B00F6C929 /* iOSProjectUITests */ = {
			isa = PBXGroup;
			children = (
				59252F9F2482036B00F6C929 /* iOSProjectUITests.m */,
				59252FA12482036B00F6C929 /* Info.plist */,
			);
			path = iOSProjectUITests;
			sourceTree = "<group>";
		};
		59252FAD2482057C00F6C929 /* 多线程 */ = {
			isa = PBXGroup;
			children = (
				59252FAF2482081400F6C929 /* YHLock.h */,
				59252FB02482081400F6C929 /* YHLock.m */,
			);
			path = "多线程";
			sourceTree = "<group>";
		};
		59252FAE2482059900F6C929 /* New Group */ = {
			isa = PBXGroup;
			children = (
			);
			path = "New Group";
			sourceTree = "<group>";
		};
		599009F624838BB500DEE1B0 /* Block */ = {
			isa = PBXGroup;
			children = (
				599009F724838BDB00DEE1B0 /* YHBlock.h */,
				599009F824838BDB00DEE1B0 /* YHBlock.m */,
			);
			path = Block;
			sourceTree = "<group>";
		};
/* End PBXGroup section */

/* Begin PBXNativeTarget section */
		59252F742482036900F6C929 /* iOSProject */ = {
			isa = PBXNativeTarget;
			buildConfigurationList = 59252FA42482036B00F6C929 /* Build configuration list for PBXNativeTarget "iOSProject" */;
			buildPhases = (
				59252F712482036900F6C929 /* Sources */,
				59252F722482036900F6C929 /* Frameworks */,
				59252F732482036900F6C929 /* Resources */,
			);
			buildRules = (
			);
			dependencies = (
			);
			name = iOSProject;
			productName = iOSProject;
			productReference = 59252F752482036900F6C929 /* iOSProject.app */;
			productType = "com.apple.product-type.application";
		};
		59252F8F2482036B00F6C929 /* iOSProjectTests */ = {
			isa = PBXNativeTarget;
			buildConfigurationList = 59252FA72482036B00F6C929 /* Build configuration list for PBXNativeTarget "iOSProjectTests" */;
			buildPhases = (
				59252F8C2482036B00F6C929 /* Sources */,
				59252F8D2482036B00F6C929 /* Frameworks */,
				59252F8E2482036B00F6C929 /* Resources */,
			);
			buildRules = (
			);
			dependencies = (
				59252F922482036B00F6C929 /* PBXTargetDependency */,
			);
			name = iOSProjectTests;
			productName = iOSProjectTests;
			productReference = 59252F902482036B00F6C929 /* iOSProjectTests.xctest */;
			productType = "com.apple.product-type.bundle.unit-test";
		};
		59252F9A2482036B00F6C929 /* iOSProjectUITests */ = {
			isa = PBXNativeTarget;
			buildConfigurationList = 59252FAA2482036B00F6C929 /* Build configuration list for PBXNativeTarget "iOSProjectUITests" */;
			buildPhases = (
				59252F972482036B00F6C929 /* Sources */,
				59252F982482036B00F6C929 /* Frameworks */,
				59252F992482036B00F6C929 /* Resources */,
			);
			buildRules = (
			);
			dependencies = (
				59252F9D2482036B00F6C929 /* PBXTargetDependency */,
			);
			name = iOSProjectUITests;
			productName = iOSProjectUITests;
			productReference = 59252F9B2482036B00F6C929 /* iOSProjectUITests.xctest */;
			productType = "com.apple.product-type.bundle.ui-testing";
		};
/* End PBXNativeTarget section */

/* Begin PBXProject section */
		59252F6D2482036900F6C929 /* Project object */ = {
			isa = PBXProject;
			attributes = {
				LastUpgradeCheck = 1130;
				ORGANIZATIONNAME = "刘亚和";
				TargetAttributes = {
					59252F742482036900F6C929 = {
						CreatedOnToolsVersion = 11.3.1;
					};
					59252F8F2482036B00F6C929 = {
						CreatedOnToolsVersion = 11.3.1;
						TestTargetID = 59252F742482036900F6C929;
					};
					59252F9A2482036B00F6C929 = {
						CreatedOnToolsVersion = 11.3.1;
						TestTargetID = 59252F742482036900F6C929;
					};
				};
			};
			buildConfigurationList = 59252F702482036900F6C929 /* Build configuration list for PBXProject "iOSProject" */;
			compatibilityVersion = "Xcode 9.3";
			developmentRegion = en;
			hasScannedForEncodings = 0;
			knownRegions = (
				en,
				Base,
			);
			mainGroup = 59252F6C2482036900F6C929;
			productRefGroup = 59252F762482036900F6C929 /* Products */;
			projectDirPath = "";
			projectRoot = "";
			targets = (
				59252F742482036900F6C929 /* iOSProject */,
				59252F8F2482036B00F6C929 /* iOSProjectTests */,
				59252F9A2482036B00F6C929 /* iOSProjectUITests */,
			);
		};
/* End PBXProject section */

/* Begin PBXResourcesBuildPhase section */
		59252F732482036900F6C929 /* Resources */ = {
			isa = PBXResourcesBuildPhase;
			buildActionMask = 2147483647;
			files = (
				59252F882482036B00F6C929 /* LaunchScreen.storyboard in Resources */,
				59252F852482036B00F6C929 /* Assets.xcassets in Resources */,
				59252F832482036A00F6C929 /* Main.storyboard in Resources */,
			);
			runOnlyForDeploymentPostprocessing = 0;
		};
		59252F8E2482036B00F6C929 /* Resources */ = {
			isa = PBXResourcesBuildPhase;
			buildActionMask = 2147483647;
			files = (
			);
			runOnlyForDeploymentPostprocessing = 0;
		};
		59252F992482036B00F6C929 /* Resources */ = {
			isa = PBXResourcesBuildPhase;
			buildActionMask = 2147483647;
			files = (
			);
			runOnlyForDeploymentPostprocessing = 0;
		};
/* End PBXResourcesBuildPhase section */

/* Begin PBXSourcesBuildPhase section */
		59252F712482036900F6C929 /* Sources */ = {
			isa = PBXSourcesBuildPhase;
			buildActionMask = 2147483647;
			files = (
				59252F802482036A00F6C929 /* ViewController.m in Sources */,
				59252FB12482081400F6C929 /* YHLock.m in Sources */,
				599009F924838BDB00DEE1B0 /* YHBlock.m in Sources */,
				59252F7A2482036A00F6C929 /* AppDelegate.m in Sources */,
				59252F8B2482036B00F6C929 /* main.m in Sources */,
			);
			runOnlyForDeploymentPostprocessing = 0;
		};
		59252F8C2482036B00F6C929 /* Sources */ = {
			isa = PBXSourcesBuildPhase;
			buildActionMask = 2147483647;
			files = (
				59252F952482036B00F6C929 /* iOSProjectTests.m in Sources */,
			);
			runOnlyForDeploymentPostprocessing = 0;
		};
		59252F972482036B00F6C929 /* Sources */ = {
			isa = PBXSourcesBuildPhase;
			buildActionMask = 2147483647;
			files = (
				59252FA02482036B00F6C929 /* iOSProjectUITests.m in Sources */,
			);
			runOnlyForDeploymentPostprocessing = 0;
		};
/* End PBXSourcesBuildPhase section */

/* Begin PBXTargetDependency section */
		59252F922482036B00F6C929 /* PBXTargetDependency */ = {
			isa = PBXTargetDependency;
			target = 59252F742482036900F6C929 /* iOSProject */;
			targetProxy = 59252F912482036B00F6C929 /* PBXContainerItemProxy */;
		};
		59252F9D2482036B00F6C929 /* PBXTargetDependency */ = {
			isa = PBXTargetDependency;
			target = 59252F742482036900F6C929 /* iOSProject */;
			targetProxy = 59252F9C2482036B00F6C929 /* PBXContainerItemProxy */;
		};
/* End PBXTargetDependency section */

/* Begin PBXVariantGroup section */
		59252F812482036A00F6C929 /* Main.storyboard */ = {
			isa = PBXVariantGroup;
			children = (
				59252F822482036A00F6C929 /* Base */,
			);
			name = Main.storyboard;
			sourceTree = "<group>";
		};
		59252F862482036B00F6C929 /* LaunchScreen.storyboard */ = {
			isa = PBXVariantGroup;
			children = (
				59252F872482036B00F6C929 /* Base */,
			);
			name = LaunchScreen.storyboard;
			sourceTree = "<group>";
		};
/* End PBXVariantGroup section */

/* Begin XCBuildConfiguration section */
		59252FA22482036B00F6C929 /* Debug */ = {
			isa = XCBuildConfiguration;
			buildSettings = {
				ALWAYS_SEARCH_USER_PATHS = NO;
				CLANG_ANALYZER_NONNULL = YES;
				CLANG_ANALYZER_NUMBER_OBJECT_CONVERSION = YES_AGGRESSIVE;
				CLANG_CXX_LANGUAGE_STANDARD = "gnu++14";
				CLANG_CXX_LIBRARY = "libc++";
				CLANG_ENABLE_MODULES = YES;
				CLANG_ENABLE_OBJC_ARC = YES;
				CLANG_ENABLE_OBJC_WEAK = YES;
				CLANG_WARN_BLOCK_CAPTURE_AUTORELEASING = YES;
				CLANG_WARN_BOOL_CONVERSION = YES;
				CLANG_WARN_COMMA = YES;
				CLANG_WARN_CONSTANT_CONVERSION = YES;
				CLANG_WARN_DEPRECATED_OBJC_IMPLEMENTATIONS = YES;
				CLANG_WARN_DIRECT_OBJC_ISA_USAGE = YES_ERROR;
				CLANG_WARN_DOCUMENTATION_COMMENTS = YES;
				CLANG_WARN_EMPTY_BODY = YES;
				CLANG_WARN_ENUM_CONVERSION = YES;
				CLANG_WARN_INFINITE_RECURSION = YES;
				CLANG_WARN_INT_CONVERSION = YES;
				CLANG_WARN_NON_LITERAL_NULL_CONVERSION = YES;
				CLANG_WARN_OBJC_IMPLICIT_RETAIN_SELF = YES;
				CLANG_WARN_OBJC_LITERAL_CONVERSION = YES;
				CLANG_WARN_OBJC_ROOT_CLASS = YES_ERROR;
				CLANG_WARN_RANGE_LOOP_ANALYSIS = YES;
				CLANG_WARN_STRICT_PROTOTYPES = YES;
				CLANG_WARN_SUSPICIOUS_MOVE = YES;
				CLANG_WARN_UNGUARDED_AVAILABILITY = YES_AGGRESSIVE;
				CLANG_WARN_UNREACHABLE_CODE = YES;
				CLANG_WARN__DUPLICATE_METHOD_MATCH = YES;
				COPY_PHASE_STRIP = NO;
				DEBUG_INFORMATION_FORMAT = dwarf;
				ENABLE_STRICT_OBJC_MSGSEND = YES;
				ENABLE_TESTABILITY = YES;
				GCC_C_LANGUAGE_STANDARD = gnu11;
				GCC_DYNAMIC_NO_PIC = NO;
				GCC_NO_COMMON_BLOCKS = YES;
				GCC_OPTIMIZATION_LEVEL = 0;
				GCC_PREPROCESSOR_DEFINITIONS = (
					"DEBUG=1",
					"$(inherited)",
				);
				GCC_WARN_64_TO_32_BIT_CONVERSION = YES;
				GCC_WARN_ABOUT_RETURN_TYPE = YES_ERROR;
				GCC_WARN_UNDECLARED_SELECTOR = YES;
				GCC_WARN_UNINITIALIZED_AUTOS = YES_AGGRESSIVE;
				GCC_WARN_UNUSED_FUNCTION = YES;
				GCC_WARN_UNUSED_VARIABLE = YES;
				IPHONEOS_DEPLOYMENT_TARGET = 13.2;
				MTL_ENABLE_DEBUG_INFO = INCLUDE_SOURCE;
				MTL_FAST_MATH = YES;
				ONLY_ACTIVE_ARCH = YES;
				SDKROOT = iphoneos;
			};
			name = Debug;
		};
		59252FA32482036B00F6C929 /* Release */ = {
			isa = XCBuildConfiguration;
			buildSettings = {
				ALWAYS_SEARCH_USER_PATHS = NO;
				CLANG_ANALYZER_NONNULL = YES;
				CLANG_ANALYZER_NUMBER_OBJECT_CONVERSION = YES_AGGRESSIVE;
				CLANG_CXX_LANGUAGE_STANDARD = "gnu++14";
				CLANG_CXX_LIBRARY = "libc++";
				CLANG_ENABLE_MODULES = YES;
				CLANG_ENABLE_OBJC_ARC = YES;
				CLANG_ENABLE_OBJC_WEAK = YES;
				CLANG_WARN_BLOCK_CAPTURE_AUTORELEASING = YES;
				CLANG_WARN_BOOL_CONVERSION = YES;
				CLANG_WARN_COMMA = YES;
				CLANG_WARN_CONSTANT_CONVERSION = YES;
				CLANG_WARN_DEPRECATED_OBJC_IMPLEMENTATIONS = YES;
				CLANG_WARN_DIRECT_OBJC_ISA_USAGE = YES_ERROR;
				CLANG_WARN_DOCUMENTATION_COMMENTS = YES;
				CLANG_WARN_EMPTY_BODY = YES;
				CLANG_WARN_ENUM_CONVERSION = YES;
				CLANG_WARN_INFINITE_RECURSION = YES;
				CLANG_WARN_INT_CONVERSION = YES;
				CLANG_WARN_NON_LITERAL_NULL_CONVERSION = YES;
				CLANG_WARN_OBJC_IMPLICIT_RETAIN_SELF = YES;
				CLANG_WARN_OBJC_LITERAL_CONVERSION = YES;
				CLANG_WARN_OBJC_ROOT_CLASS = YES_ERROR;
				CLANG_WARN_RANGE_LOOP_ANALYSIS = YES;
				CLANG_WARN_STRICT_PROTOTYPES = YES;
				CLANG_WARN_SUSPICIOUS_MOVE = YES;
				CLANG_WARN_UNGUARDED_AVAILABILITY = YES_AGGRESSIVE;
				CLANG_WARN_UNREACHABLE_CODE = YES;
				CLANG_WARN__DUPLICATE_METHOD_MATCH = YES;
				COPY_PHASE_STRIP = NO;
				DEBUG_INFORMATION_FORMAT = "dwarf-with-dsym";
				ENABLE_NS_ASSERTIONS = NO;
				ENABLE_STRICT_OBJC_MSGSEND = YES;
				GCC_C_LANGUAGE_STANDARD = gnu11;
				GCC_NO_COMMON_BLOCKS = YES;
				GCC_WARN_64_TO_32_BIT_CONVERSION = YES;
				GCC_WARN_ABOUT_RETURN_TYPE = YES_ERROR;
				GCC_WARN_UNDECLARED_SELECTOR = YES;
				GCC_WARN_UNINITIALIZED_AUTOS = YES_AGGRESSIVE;
				GCC_WARN_UNUSED_FUNCTION = YES;
				GCC_WARN_UNUSED_VARIABLE = YES;
				IPHONEOS_DEPLOYMENT_TARGET = 13.2;
				MTL_ENABLE_DEBUG_INFO = NO;
				MTL_FAST_MATH = YES;
				SDKROOT = iphoneos;
				VALIDATE_PRODUCT = YES;
			};
			name = Release;
		};
		59252FA52482036B00F6C929 /* Debug */ = {
			isa = XCBuildConfiguration;
			buildSettings = {
				ASSETCATALOG_COMPILER_APPICON_NAME = AppIcon;
				CODE_SIGN_STYLE = Automatic;
				DEVELOPMENT_TEAM = Q33S7U48XM;
				INFOPLIST_FILE = iOSProject/Info.plist;
				LD_RUNPATH_SEARCH_PATHS = (
					"$(inherited)",
					"@executable_path/Frameworks",
				);
				PRODUCT_BUNDLE_IDENTIFIER = LYH.iOSProject;
				PRODUCT_NAME = "$(TARGET_NAME)";
				TARGETED_DEVICE_FAMILY = "1,2";
			};
			name = Debug;
		};
		59252FA62482036B00F6C929 /* Release */ = {
			isa = XCBuildConfiguration;
			buildSettings = {
				ASSETCATALOG_COMPILER_APPICON_NAME = AppIcon;
				CODE_SIGN_STYLE = Automatic;
				DEVELOPMENT_TEAM = Q33S7U48XM;
				INFOPLIST_FILE = iOSProject/Info.plist;
				LD_RUNPATH_SEARCH_PATHS = (
					"$(inherited)",
					"@executable_path/Frameworks",
				);
				PRODUCT_BUNDLE_IDENTIFIER = LYH.iOSProject;
				PRODUCT_NAME = "$(TARGET_NAME)";
				TARGETED_DEVICE_FAMILY = "1,2";
			};
			name = Release;
		};
		59252FA82482036B00F6C929 /* Debug */ = {
			isa = XCBuildConfiguration;
			buildSettings = {
				BUNDLE_LOADER = "$(TEST_HOST)";
				CODE_SIGN_STYLE = Automatic;
				DEVELOPMENT_TEAM = Q33S7U48XM;
				INFOPLIST_FILE = iOSProjectTests/Info.plist;
				IPHONEOS_DEPLOYMENT_TARGET = 13.2;
				LD_RUNPATH_SEARCH_PATHS = (
					"$(inherited)",
					"@executable_path/Frameworks",
					"@loader_path/Frameworks",
				);
				PRODUCT_BUNDLE_IDENTIFIER = LYH.iOSProjectTests;
				PRODUCT_NAME = "$(TARGET_NAME)";
				TARGETED_DEVICE_FAMILY = "1,2";
				TEST_HOST = "$(BUILT_PRODUCTS_DIR)/iOSProject.app/iOSProject";
			};
			name = Debug;
		};
		59252FA92482036B00F6C929 /* Release */ = {
			isa = XCBuildConfiguration;
			buildSettings = {
				BUNDLE_LOADER = "$(TEST_HOST)";
				CODE_SIGN_STYLE = Automatic;
				DEVELOPMENT_TEAM = Q33S7U48XM;
				INFOPLIST_FILE = iOSProjectTests/Info.plist;
				IPHONEOS_DEPLOYMENT_TARGET = 13.2;
				LD_RUNPATH_SEARCH_PATHS = (
					"$(inherited)",
					"@executable_path/Frameworks",
					"@loader_path/Frameworks",
				);
				PRODUCT_BUNDLE_IDENTIFIER = LYH.iOSProjectTests;
				PRODUCT_NAME = "$(TARGET_NAME)";
				TARGETED_DEVICE_FAMILY = "1,2";
				TEST_HOST = "$(BUILT_PRODUCTS_DIR)/iOSProject.app/iOSProject";
			};
			name = Release;
		};
		59252FAB2482036B00F6C929 /* Debug */ = {
			isa = XCBuildConfiguration;
			buildSettings = {
				CODE_SIGN_STYLE = Automatic;
				DEVELOPMENT_TEAM = Q33S7U48XM;
				INFOPLIST_FILE = iOSProjectUITests/Info.plist;
				LD_RUNPATH_SEARCH_PATHS = (
					"$(inherited)",
					"@executable_path/Frameworks",
					"@loader_path/Frameworks",
				);
				PRODUCT_BUNDLE_IDENTIFIER = LYH.iOSProjectUITests;
				PRODUCT_NAME = "$(TARGET_NAME)";
				TARGETED_DEVICE_FAMILY = "1,2";
				TEST_TARGET_NAME = iOSProject;
			};
			name = Debug;
		};
		59252FAC2482036B00F6C929 /* Release */ = {
			isa = XCBuildConfiguration;
			buildSettings = {
				CODE_SIGN_STYLE = Automatic;
				DEVELOPMENT_TEAM = Q33S7U48XM;
				INFOPLIST_FILE = iOSProjectUITests/Info.plist;
				LD_RUNPATH_SEARCH_PATHS = (
					"$(inherited)",
					"@executable_path/Frameworks",
					"@loader_path/Frameworks",
				);
				PRODUCT_BUNDLE_IDENTIFIER = LYH.iOSProjectUITests;
				PRODUCT_NAME = "$(TARGET_NAME)";
				TARGETED_DEVICE_FAMILY = "1,2";
				TEST_TARGET_NAME = iOSProject;
			};
			name = Release;
		};
/* End XCBuildConfiguration section */

/* Begin XCConfigurationList section */
		59252F702482036900F6C929 /* Build configuration list for PBXProject "iOSProject" */ = {
			isa = XCConfigurationList;
			buildConfigurations = (
				59252FA22482036B00F6C929 /* Debug */,
				59252FA32482036B00F6C929 /* Release */,
			);
			defaultConfigurationIsVisible = 0;
			defaultConfigurationName = Release;
		};
		59252FA42482036B00F6C929 /* Build configuration list for PBXNativeTarget "iOSProject" */ = {
			isa = XCConfigurationList;
			buildConfigurations = (
				59252FA52482036B00F6C929 /* Debug */,
				59252FA62482036B00F6C929 /* Release */,
			);
			defaultConfigurationIsVisible = 0;
			defaultConfigurationName = Release;
		};
		59252FA72482036B00F6C929 /* Build configuration list for PBXNativeTarget "iOSProjectTests" */ = {
			isa = XCConfigurationList;
			buildConfigurations = (
				59252FA82482036B00F6C929 /* Debug */,
				59252FA92482036B00F6C929 /* Release */,
			);
			defaultConfigurationIsVisible = 0;
			defaultConfigurationName = Release;
		};
		59252FAA2482036B00F6C929 /* Build configuration list for PBXNativeTarget "iOSProjectUITests" */ = {
			isa = XCConfigurationList;
			buildConfigurations = (
				59252FAB2482036B00F6C929 /* Debug */,
				59252FAC2482036B00F6C929 /* Release */,
			);
			defaultConfigurationIsVisible = 0;
			defaultConfigurationName = Release;
		};
/* End XCConfigurationList section */
	};
	rootObject = 59252F6D2482036900F6C929 /* Project object */;
}
