// !$*UTF8*$!
{
	archiveVersion = 1;
	classes = {
	};
	objectVersion = 50;
	objects = {

/* Begin PBXBuildFile section */
		3803563124E3D7CB003798EA /* MenuViewController.m in Sources */ = {isa = PBXBuildFile; fileRef = 3803563024E3D7CB003798EA /* MenuViewController.m */; };
		3803563424E3D89B003798EA /* MenuView.m in Sources */ = {isa = PBXBuildFile; fileRef = 3803563324E3D89B003798EA /* MenuView.m */; };
		3803563724E3D97A003798EA /* YHFilterButton.m in Sources */ = {isa = PBXBuildFile; fileRef = 3803563624E3D979003798EA /* YHFilterButton.m */; };
		3803563A24E3DA4D003798EA /* YHFilterModel.m in Sources */ = {isa = PBXBuildFile; fileRef = 3803563824E3DA4C003798EA /* YHFilterModel.m */; };
		3803563D24E3DE5C003798EA /* UIView+Coordinate.m in Sources */ = {isa = PBXBuildFile; fileRef = 3803563B24E3DE5C003798EA /* UIView+Coordinate.m */; };
		3803564024E3F1FC003798EA /* MenuTableView.m in Sources */ = {isa = PBXBuildFile; fileRef = 3803563F24E3F1FC003798EA /* MenuTableView.m */; };
		3803564324E530E0003798EA /* MenuTableCollectCell.m in Sources */ = {isa = PBXBuildFile; fileRef = 3803564224E530E0003798EA /* MenuTableCollectCell.m */; };
		3803564624E53268003798EA /* MenuTableCollectView.m in Sources */ = {isa = PBXBuildFile; fileRef = 3803564424E53268003798EA /* MenuTableCollectView.m */; };
		3803564A24E53300003798EA /* MenuCollectionViewCell.m in Sources */ = {isa = PBXBuildFile; fileRef = 3803564824E53300003798EA /* MenuCollectionViewCell.m */; };
		3803564B24E53300003798EA /* MenuCollectionViewCell.xib in Resources */ = {isa = PBXBuildFile; fileRef = 3803564924E53300003798EA /* MenuCollectionViewCell.xib */; };
		3803564E24E65B38003798EA /* MenuCollectModel.m in Sources */ = {isa = PBXBuildFile; fileRef = 3803564D24E65B38003798EA /* MenuCollectModel.m */; };
		3803565124E692D3003798EA /* MenuContentView.m in Sources */ = {isa = PBXBuildFile; fileRef = 3803565024E692D3003798EA /* MenuContentView.m */; };
		3838222224B2EF730004CAEE /* Person.m in Sources */ = {isa = PBXBuildFile; fileRef = 3838222124B2EF730004CAEE /* Person.m */; };
		3838222524B2EF830004CAEE /* Girl.m in Sources */ = {isa = PBXBuildFile; fileRef = 3838222424B2EF830004CAEE /* Girl.m */; };
		3838222824B2F3CB0004CAEE /* NSObject+Sark.m in Sources */ = {isa = PBXBuildFile; fileRef = 3838222724B2F3CB0004CAEE /* NSObject+Sark.m */; };
		3850191024AADE82007A64A0 /* LifeViewController.m in Sources */ = {isa = PBXBuildFile; fileRef = 3850190F24AADE82007A64A0 /* LifeViewController.m */; };
		3850191E24AAE9EE007A64A0 /* LifeViewController.storyboard in Resources */ = {isa = PBXBuildFile; fileRef = 3850191D24AAE9EE007A64A0 /* LifeViewController.storyboard */; };
		3850192024AAED78007A64A0 /* TestX.xib in Resources */ = {isa = PBXBuildFile; fileRef = 3850191F24AAED78007A64A0 /* TestX.xib */; };
		3850192624AB2AC1007A64A0 /* WKViewControllerDemo.m in Sources */ = {isa = PBXBuildFile; fileRef = 3850192524AB2AC1007A64A0 /* WKViewControllerDemo.m */; };
		3850192B24AB32A8007A64A0 /* TextViewDemo.m in Sources */ = {isa = PBXBuildFile; fileRef = 3850192A24AB32A8007A64A0 /* TextViewDemo.m */; };
		3850193424AC76BF007A64A0 /* RunloopDemoController.m in Sources */ = {isa = PBXBuildFile; fileRef = 3850193324AC76BF007A64A0 /* RunloopDemoController.m */; };
		3850193824AC882D007A64A0 /* AnimationDemo.m in Sources */ = {isa = PBXBuildFile; fileRef = 3850193724AC882D007A64A0 /* AnimationDemo.m */; };
		38595D7F24D01D4C0064C3DD /* NewTagCell.xib in Resources */ = {isa = PBXBuildFile; fileRef = 38595D7C24D01D4B0064C3DD /* NewTagCell.xib */; };
		38595D8024D01D4C0064C3DD /* NewTagCell.m in Sources */ = {isa = PBXBuildFile; fileRef = 38595D7E24D01D4C0064C3DD /* NewTagCell.m */; };
		38595D8524D141650064C3DD /* DateViewController.m in Sources */ = {isa = PBXBuildFile; fileRef = 38595D8324D141650064C3DD /* DateViewController.m */; };
		38595D8624D141650064C3DD /* DateViewController.xib in Resources */ = {isa = PBXBuildFile; fileRef = 38595D8424D141650064C3DD /* DateViewController.xib */; };
		38595D8924D269A50064C3DD /* YHDatePickerView.m in Sources */ = {isa = PBXBuildFile; fileRef = 38595D8824D269A50064C3DD /* YHDatePickerView.m */; };
		38595D8C24D2917C0064C3DD /* UploadConditionView.m in Sources */ = {isa = PBXBuildFile; fileRef = 38595D8B24D2917C0064C3DD /* UploadConditionView.m */; };
		38595D8F24D298770064C3DD /* UploadButton.m in Sources */ = {isa = PBXBuildFile; fileRef = 38595D8E24D298770064C3DD /* UploadButton.m */; };
		38595D9224D2C5580064C3DD /* YHPricePickerView.m in Sources */ = {isa = PBXBuildFile; fileRef = 38595D9124D2C5580064C3DD /* YHPricePickerView.m */; };
		385A9CBC24CAE81D0033715B /* TagThirdCell.xib in Resources */ = {isa = PBXBuildFile; fileRef = 385A9CBB24CAE81D0033715B /* TagThirdCell.xib */; };
		386E887924CA825600CC03D1 /* LYHCollectionHeaderView.m in Sources */ = {isa = PBXBuildFile; fileRef = 386E887724CA825600CC03D1 /* LYHCollectionHeaderView.m */; };
		386E887A24CA825600CC03D1 /* LYHCollectionHeaderView.xib in Resources */ = {isa = PBXBuildFile; fileRef = 386E887824CA825600CC03D1 /* LYHCollectionHeaderView.xib */; };
		386E887D24CABB0B00CC03D1 /* TagModel.m in Sources */ = {isa = PBXBuildFile; fileRef = 386E887C24CABB0B00CC03D1 /* TagModel.m */; };
		386E888124CAC79000CC03D1 /* TagSecondCell.xib in Resources */ = {isa = PBXBuildFile; fileRef = 386E887F24CAC79000CC03D1 /* TagSecondCell.xib */; };
		386E888224CAC79000CC03D1 /* TagSecondCell.m in Sources */ = {isa = PBXBuildFile; fileRef = 386E888024CAC79000CC03D1 /* TagSecondCell.m */; };
		386E888924CACEF100CC03D1 /* TagSecondHeaderView.m in Sources */ = {isa = PBXBuildFile; fileRef = 386E888324CACEF000CC03D1 /* TagSecondHeaderView.m */; };
		386E888A24CACEF100CC03D1 /* TagThirdHeaderView.m in Sources */ = {isa = PBXBuildFile; fileRef = 386E888424CACEF000CC03D1 /* TagThirdHeaderView.m */; };
		386E888B24CACEF100CC03D1 /* TagThirdHeaderView.xib in Resources */ = {isa = PBXBuildFile; fileRef = 386E888524CACEF000CC03D1 /* TagThirdHeaderView.xib */; };
		386E888C24CACEF100CC03D1 /* TagSecondHeaderView.xib in Resources */ = {isa = PBXBuildFile; fileRef = 386E888624CACEF000CC03D1 /* TagSecondHeaderView.xib */; };
		386E889124CAD35000CC03D1 /* TagThirdCell.m in Sources */ = {isa = PBXBuildFile; fileRef = 386E888F24CAD35000CC03D1 /* TagThirdCell.m */; };
		386E889424CAD59D00CC03D1 /* UIButton+EnlargeEdge.m in Sources */ = {isa = PBXBuildFile; fileRef = 386E889224CAD59D00CC03D1 /* UIButton+EnlargeEdge.m */; };
		3877DA2D24C80EA100158C27 /* StackViewDemo.m in Sources */ = {isa = PBXBuildFile; fileRef = 3877DA2B24C80EA100158C27 /* StackViewDemo.m */; };
		3877DA2E24C80EA100158C27 /* StackViewDemo.xib in Resources */ = {isa = PBXBuildFile; fileRef = 3877DA2C24C80EA100158C27 /* StackViewDemo.xib */; };
		38B1400E24A9D4A4005CC502 /* TestEmptyFile.m in Sources */ = {isa = PBXBuildFile; fileRef = 38B1400D24A9D4A4005CC502 /* TestEmptyFile.m */; };
		38B1401124A9D4C2005CC502 /* NSObject+YHCategory.m in Sources */ = {isa = PBXBuildFile; fileRef = 38B1401024A9D4C2005CC502 /* NSObject+YHCategory.m */; };
		38B1401424A9D676005CC502 /* NSObject+YHCategoryTwo.m in Sources */ = {isa = PBXBuildFile; fileRef = 38B1401324A9D676005CC502 /* NSObject+YHCategoryTwo.m */; };
		38D8EB4824B46E49005BC1E0 /* YHTitleScrollView.m in Sources */ = {isa = PBXBuildFile; fileRef = 38D8EB4724B46E49005BC1E0 /* YHTitleScrollView.m */; };
		38D8EB4E24B593F2005BC1E0 /* YHTitleRolling.m in Sources */ = {isa = PBXBuildFile; fileRef = 38D8EB4C24B593F2005BC1E0 /* YHTitleRolling.m */; };
		38D8EB4F24B593F2005BC1E0 /* UIView+DCRolling.m in Sources */ = {isa = PBXBuildFile; fileRef = 38D8EB4D24B593F2005BC1E0 /* UIView+DCRolling.m */; };
		38D8EB5224B59F8C005BC1E0 /* icon_app_live_on_white.gif in Resources */ = {isa = PBXBuildFile; fileRef = 38D8EB5024B59F8C005BC1E0 /* icon_app_live_on_white.gif */; };
		38D8EB5324B59F8C005BC1E0 /* icon_app_live_on_red.gif in Resources */ = {isa = PBXBuildFile; fileRef = 38D8EB5124B59F8C005BC1E0 /* icon_app_live_on_red.gif */; };
		38D918C124C93CC500834D74 /* DataBaseViewController.m in Sources */ = {isa = PBXBuildFile; fileRef = 38D918BF24C93CC500834D74 /* DataBaseViewController.m */; };
		38D918C224C93CC500834D74 /* DataBaseViewController.xib in Resources */ = {isa = PBXBuildFile; fileRef = 38D918C024C93CC500834D74 /* DataBaseViewController.xib */; };
		38D918D224C93D3F00834D74 /* CDUser+CoreDataClass.m in Sources */ = {isa = PBXBuildFile; fileRef = 38D918C424C93D3F00834D74 /* CDUser+CoreDataClass.m */; };
		38D918D324C93D3F00834D74 /* LearnCoreData.xcdatamodeld in Sources */ = {isa = PBXBuildFile; fileRef = 38D918C624C93D3F00834D74 /* LearnCoreData.xcdatamodeld */; };
		38D918D424C93D3F00834D74 /* CDUser+CoreDataProperties.m in Sources */ = {isa = PBXBuildFile; fileRef = 38D918C924C93D3F00834D74 /* CDUser+CoreDataProperties.m */; };
		38D918D524C93D3F00834D74 /* KeychainWrapper.m in Sources */ = {isa = PBXBuildFile; fileRef = 38D918CD24C93D3F00834D74 /* KeychainWrapper.m */; };
		38D918D624C93D3F00834D74 /* YYUser.m in Sources */ = {isa = PBXBuildFile; fileRef = 38D918D024C93D3F00834D74 /* YYUser.m */; };
		38D918DA24C93D8A00834D74 /* SearchHistoryManager.m in Sources */ = {isa = PBXBuildFile; fileRef = 38D918D924C93D8A00834D74 /* SearchHistoryManager.m */; };
		38D918E124C9792900834D74 /* NSString+Tool.m in Sources */ = {isa = PBXBuildFile; fileRef = 38D918E024C9792900834D74 /* NSString+Tool.m */; };
		38D918F324C9831E00834D74 /* LeeIrregularCollectionViewFlowLayout.m in Sources */ = {isa = PBXBuildFile; fileRef = 38D918F224C9831E00834D74 /* LeeIrregularCollectionViewFlowLayout.m */; };
		38D918F624C9838700834D74 /* TagsViewController.m in Sources */ = {isa = PBXBuildFile; fileRef = 38D918F524C9838700834D74 /* TagsViewController.m */; };
		38D918FA24C9855800834D74 /* LYHCollectionViewCell.m in Sources */ = {isa = PBXBuildFile; fileRef = 38D918F824C9855800834D74 /* LYHCollectionViewCell.m */; };
		38D918FB24C9855800834D74 /* LYHCollectionViewCell.xib in Resources */ = {isa = PBXBuildFile; fileRef = 38D918F924C9855800834D74 /* LYHCollectionViewCell.xib */; };
		59252F7A2482036A00F6C929 /* AppDelegate.m in Sources */ = {isa = PBXBuildFile; fileRef = 59252F792482036A00F6C929 /* AppDelegate.m */; };
		59252F802482036A00F6C929 /* ViewController.m in Sources */ = {isa = PBXBuildFile; fileRef = 59252F7F2482036A00F6C929 /* ViewController.m */; };
		59252F832482036A00F6C929 /* Main.storyboard in Resources */ = {isa = PBXBuildFile; fileRef = 59252F812482036A00F6C929 /* Main.storyboard */; };
		59252F852482036B00F6C929 /* Assets.xcassets in Resources */ = {isa = PBXBuildFile; fileRef = 59252F842482036B00F6C929 /* Assets.xcassets */; };
		59252F882482036B00F6C929 /* LaunchScreen.storyboard in Resources */ = {isa = PBXBuildFile; fileRef = 59252F862482036B00F6C929 /* LaunchScreen.storyboard */; };
		59252F8B2482036B00F6C929 /* main.m in Sources */ = {isa = PBXBuildFile; fileRef = 59252F8A2482036B00F6C929 /* main.m */; };
		59252F952482036B00F6C929 /* iOSProjectTests.m in Sources */ = {isa = PBXBuildFile; fileRef = 59252F942482036B00F6C929 /* iOSProjectTests.m */; };
		59252FA02482036B00F6C929 /* iOSProjectUITests.m in Sources */ = {isa = PBXBuildFile; fileRef = 59252F9F2482036B00F6C929 /* iOSProjectUITests.m */; };
		59252FB12482081400F6C929 /* YHLock.m in Sources */ = {isa = PBXBuildFile; fileRef = 59252FB02482081400F6C929 /* YHLock.m */; };
		599009F924838BDB00DEE1B0 /* YHBlock.m in Sources */ = {isa = PBXBuildFile; fileRef = 599009F824838BDB00DEE1B0 /* YHBlock.m */; settings = {COMPILER_FLAGS = "-fno-objc-arc"; }; };
		60D9E9F12AB2F11EFF2E48C7 /* libPods-iOSProject.a in Frameworks */ = {isa = PBXBuildFile; fileRef = F5ACD887A0559EED0DCD4854 /* libPods-iOSProject.a */; };
/* End PBXBuildFile section */

/* Begin PBXContainerItemProxy section */
		59252F912482036B00F6C929 /* PBXContainerItemProxy */ = {
			isa = PBXContainerItemProxy;
			containerPortal = 59252F6D2482036900F6C929 /* Project object */;
			proxyType = 1;
			remoteGlobalIDString = 59252F742482036900F6C929;
			remoteInfo = iOSProject;
		};
		59252F9C2482036B00F6C929 /* PBXContainerItemProxy */ = {
			isa = PBXContainerItemProxy;
			containerPortal = 59252F6D2482036900F6C929 /* Project object */;
			proxyType = 1;
			remoteGlobalIDString = 59252F742482036900F6C929;
			remoteInfo = iOSProject;
		};
/* End PBXContainerItemProxy section */

/* Begin PBXFileReference section */
		3803562F24E3D7CB003798EA /* MenuViewController.h */ = {isa = PBXFileReference; lastKnownFileType = sourcecode.c.h; path = MenuViewController.h; sourceTree = "<group>"; };
		3803563024E3D7CB003798EA /* MenuViewController.m */ = {isa = PBXFileReference; lastKnownFileType = sourcecode.c.objc; path = MenuViewController.m; sourceTree = "<group>"; };
		3803563224E3D89B003798EA /* MenuView.h */ = {isa = PBXFileReference; lastKnownFileType = sourcecode.c.h; path = MenuView.h; sourceTree = "<group>"; };
		3803563324E3D89B003798EA /* MenuView.m */ = {isa = PBXFileReference; lastKnownFileType = sourcecode.c.objc; path = MenuView.m; sourceTree = "<group>"; };
		3803563524E3D979003798EA /* YHFilterButton.h */ = {isa = PBXFileReference; fileEncoding = 4; lastKnownFileType = sourcecode.c.h; path = YHFilterButton.h; sourceTree = "<group>"; };
		3803563624E3D979003798EA /* YHFilterButton.m */ = {isa = PBXFileReference; fileEncoding = 4; lastKnownFileType = sourcecode.c.objc; path = YHFilterButton.m; sourceTree = "<group>"; };
		3803563824E3DA4C003798EA /* YHFilterModel.m */ = {isa = PBXFileReference; fileEncoding = 4; lastKnownFileType = sourcecode.c.objc; path = YHFilterModel.m; sourceTree = "<group>"; };
		3803563924E3DA4C003798EA /* YHFilterModel.h */ = {isa = PBXFileReference; fileEncoding = 4; lastKnownFileType = sourcecode.c.h; path = YHFilterModel.h; sourceTree = "<group>"; };
		3803563B24E3DE5C003798EA /* UIView+Coordinate.m */ = {isa = PBXFileReference; fileEncoding = 4; lastKnownFileType = sourcecode.c.objc; path = "UIView+Coordinate.m"; sourceTree = "<group>"; };
		3803563C24E3DE5C003798EA /* UIView+Coordinate.h */ = {isa = PBXFileReference; fileEncoding = 4; lastKnownFileType = sourcecode.c.h; path = "UIView+Coordinate.h"; sourceTree = "<group>"; };
		3803563E24E3F1FC003798EA /* MenuTableView.h */ = {isa = PBXFileReference; lastKnownFileType = sourcecode.c.h; path = MenuTableView.h; sourceTree = "<group>"; };
		3803563F24E3F1FC003798EA /* MenuTableView.m */ = {isa = PBXFileReference; lastKnownFileType = sourcecode.c.objc; path = MenuTableView.m; sourceTree = "<group>"; };
		3803564124E530E0003798EA /* MenuTableCollectCell.h */ = {isa = PBXFileReference; fileEncoding = 4; lastKnownFileType = sourcecode.c.h; path = MenuTableCollectCell.h; sourceTree = "<group>"; };
		3803564224E530E0003798EA /* MenuTableCollectCell.m */ = {isa = PBXFileReference; fileEncoding = 4; lastKnownFileType = sourcecode.c.objc; path = MenuTableCollectCell.m; sourceTree = "<group>"; };
		3803564424E53268003798EA /* MenuTableCollectView.m */ = {isa = PBXFileReference; fileEncoding = 4; lastKnownFileType = sourcecode.c.objc; path = MenuTableCollectView.m; sourceTree = "<group>"; };
		3803564524E53268003798EA /* MenuTableCollectView.h */ = {isa = PBXFileReference; fileEncoding = 4; lastKnownFileType = sourcecode.c.h; path = MenuTableCollectView.h; sourceTree = "<group>"; };
		3803564724E53300003798EA /* MenuCollectionViewCell.h */ = {isa = PBXFileReference; lastKnownFileType = sourcecode.c.h; path = MenuCollectionViewCell.h; sourceTree = "<group>"; };
		3803564824E53300003798EA /* MenuCollectionViewCell.m */ = {isa = PBXFileReference; lastKnownFileType = sourcecode.c.objc; path = MenuCollectionViewCell.m; sourceTree = "<group>"; };
		3803564924E53300003798EA /* MenuCollectionViewCell.xib */ = {isa = PBXFileReference; lastKnownFileType = file.xib; path = MenuCollectionViewCell.xib; sourceTree = "<group>"; };
		3803564C24E65B38003798EA /* MenuCollectModel.h */ = {isa = PBXFileReference; lastKnownFileType = sourcecode.c.h; path = MenuCollectModel.h; sourceTree = "<group>"; };
		3803564D24E65B38003798EA /* MenuCollectModel.m */ = {isa = PBXFileReference; lastKnownFileType = sourcecode.c.objc; path = MenuCollectModel.m; sourceTree = "<group>"; };
		3803564F24E692D3003798EA /* MenuContentView.h */ = {isa = PBXFileReference; lastKnownFileType = sourcecode.c.h; path = MenuContentView.h; sourceTree = "<group>"; };
		3803565024E692D3003798EA /* MenuContentView.m */ = {isa = PBXFileReference; lastKnownFileType = sourcecode.c.objc; path = MenuContentView.m; sourceTree = "<group>"; };
		3838222024B2EF730004CAEE /* Person.h */ = {isa = PBXFileReference; lastKnownFileType = sourcecode.c.h; path = Person.h; sourceTree = "<group>"; };
		3838222124B2EF730004CAEE /* Person.m */ = {isa = PBXFileReference; lastKnownFileType = sourcecode.c.objc; path = Person.m; sourceTree = "<group>"; };
		3838222324B2EF830004CAEE /* Girl.h */ = {isa = PBXFileReference; lastKnownFileType = sourcecode.c.h; path = Girl.h; sourceTree = "<group>"; };
		3838222424B2EF830004CAEE /* Girl.m */ = {isa = PBXFileReference; lastKnownFileType = sourcecode.c.objc; path = Girl.m; sourceTree = "<group>"; };
		3838222624B2F3CB0004CAEE /* NSObject+Sark.h */ = {isa = PBXFileReference; lastKnownFileType = sourcecode.c.h; path = "NSObject+Sark.h"; sourceTree = "<group>"; };
		3838222724B2F3CB0004CAEE /* NSObject+Sark.m */ = {isa = PBXFileReference; lastKnownFileType = sourcecode.c.objc; path = "NSObject+Sark.m"; sourceTree = "<group>"; };
		3850190E24AADE82007A64A0 /* LifeViewController.h */ = {isa = PBXFileReference; lastKnownFileType = sourcecode.c.h; path = LifeViewController.h; sourceTree = "<group>"; };
		3850190F24AADE82007A64A0 /* LifeViewController.m */ = {isa = PBXFileReference; lastKnownFileType = sourcecode.c.objc; path = LifeViewController.m; sourceTree = "<group>"; };
		3850191D24AAE9EE007A64A0 /* LifeViewController.storyboard */ = {isa = PBXFileReference; lastKnownFileType = file.storyboard; path = LifeViewController.storyboard; sourceTree = "<group>"; };
		3850191F24AAED78007A64A0 /* TestX.xib */ = {isa = PBXFileReference; lastKnownFileType = file.xib; path = TestX.xib; sourceTree = "<group>"; };
		3850192424AB2AC1007A64A0 /* WKViewControllerDemo.h */ = {isa = PBXFileReference; lastKnownFileType = sourcecode.c.h; path = WKViewControllerDemo.h; sourceTree = "<group>"; };
		3850192524AB2AC1007A64A0 /* WKViewControllerDemo.m */ = {isa = PBXFileReference; lastKnownFileType = sourcecode.c.objc; path = WKViewControllerDemo.m; sourceTree = "<group>"; };
		3850192924AB32A8007A64A0 /* TextViewDemo.h */ = {isa = PBXFileReference; lastKnownFileType = sourcecode.c.h; path = TextViewDemo.h; sourceTree = "<group>"; };
		3850192A24AB32A8007A64A0 /* TextViewDemo.m */ = {isa = PBXFileReference; lastKnownFileType = sourcecode.c.objc; path = TextViewDemo.m; sourceTree = "<group>"; };
		3850193224AC76BF007A64A0 /* RunloopDemoController.h */ = {isa = PBXFileReference; lastKnownFileType = sourcecode.c.h; path = RunloopDemoController.h; sourceTree = "<group>"; };
		3850193324AC76BF007A64A0 /* RunloopDemoController.m */ = {isa = PBXFileReference; lastKnownFileType = sourcecode.c.objc; path = RunloopDemoController.m; sourceTree = "<group>"; };
		3850193624AC882D007A64A0 /* AnimationDemo.h */ = {isa = PBXFileReference; lastKnownFileType = sourcecode.c.h; path = AnimationDemo.h; sourceTree = "<group>"; };
		3850193724AC882D007A64A0 /* AnimationDemo.m */ = {isa = PBXFileReference; lastKnownFileType = sourcecode.c.objc; path = AnimationDemo.m; sourceTree = "<group>"; };
		38595D7C24D01D4B0064C3DD /* NewTagCell.xib */ = {isa = PBXFileReference; fileEncoding = 4; lastKnownFileType = file.xib; path = NewTagCell.xib; sourceTree = "<group>"; };
		38595D7D24D01D4C0064C3DD /* NewTagCell.h */ = {isa = PBXFileReference; fileEncoding = 4; lastKnownFileType = sourcecode.c.h; path = NewTagCell.h; sourceTree = "<group>"; };
		38595D7E24D01D4C0064C3DD /* NewTagCell.m */ = {isa = PBXFileReference; fileEncoding = 4; lastKnownFileType = sourcecode.c.objc; path = NewTagCell.m; sourceTree = "<group>"; };
		38595D8224D141650064C3DD /* DateViewController.h */ = {isa = PBXFileReference; lastKnownFileType = sourcecode.c.h; path = DateViewController.h; sourceTree = "<group>"; };
		38595D8324D141650064C3DD /* DateViewController.m */ = {isa = PBXFileReference; lastKnownFileType = sourcecode.c.objc; path = DateViewController.m; sourceTree = "<group>"; };
		38595D8424D141650064C3DD /* DateViewController.xib */ = {isa = PBXFileReference; lastKnownFileType = file.xib; path = DateViewController.xib; sourceTree = "<group>"; };
		38595D8724D269A50064C3DD /* YHDatePickerView.h */ = {isa = PBXFileReference; lastKnownFileType = sourcecode.c.h; path = YHDatePickerView.h; sourceTree = "<group>"; };
		38595D8824D269A50064C3DD /* YHDatePickerView.m */ = {isa = PBXFileReference; lastKnownFileType = sourcecode.c.objc; path = YHDatePickerView.m; sourceTree = "<group>"; };
		38595D8A24D2917C0064C3DD /* UploadConditionView.h */ = {isa = PBXFileReference; fileEncoding = 4; lastKnownFileType = sourcecode.c.h; path = UploadConditionView.h; sourceTree = "<group>"; };
		38595D8B24D2917C0064C3DD /* UploadConditionView.m */ = {isa = PBXFileReference; fileEncoding = 4; lastKnownFileType = sourcecode.c.objc; path = UploadConditionView.m; sourceTree = "<group>"; };
		38595D8D24D298770064C3DD /* UploadButton.h */ = {isa = PBXFileReference; lastKnownFileType = sourcecode.c.h; path = UploadButton.h; sourceTree = "<group>"; };
		38595D8E24D298770064C3DD /* UploadButton.m */ = {isa = PBXFileReference; lastKnownFileType = sourcecode.c.objc; path = UploadButton.m; sourceTree = "<group>"; };
		38595D9024D2C5580064C3DD /* YHPricePickerView.h */ = {isa = PBXFileReference; fileEncoding = 4; lastKnownFileType = sourcecode.c.h; path = YHPricePickerView.h; sourceTree = "<group>"; };
		38595D9124D2C5580064C3DD /* YHPricePickerView.m */ = {isa = PBXFileReference; fileEncoding = 4; lastKnownFileType = sourcecode.c.objc; path = YHPricePickerView.m; sourceTree = "<group>"; };
		385A9CBB24CAE81D0033715B /* TagThirdCell.xib */ = {isa = PBXFileReference; fileEncoding = 4; lastKnownFileType = file.xib; path = TagThirdCell.xib; sourceTree = "<group>"; };
		386E887624CA825600CC03D1 /* LYHCollectionHeaderView.h */ = {isa = PBXFileReference; lastKnownFileType = sourcecode.c.h; path = LYHCollectionHeaderView.h; sourceTree = "<group>"; };
		386E887724CA825600CC03D1 /* LYHCollectionHeaderView.m */ = {isa = PBXFileReference; lastKnownFileType = sourcecode.c.objc; path = LYHCollectionHeaderView.m; sourceTree = "<group>"; };
		386E887824CA825600CC03D1 /* LYHCollectionHeaderView.xib */ = {isa = PBXFileReference; lastKnownFileType = file.xib; path = LYHCollectionHeaderView.xib; sourceTree = "<group>"; };
		386E887B24CABB0B00CC03D1 /* TagModel.h */ = {isa = PBXFileReference; lastKnownFileType = sourcecode.c.h; path = TagModel.h; sourceTree = "<group>"; };
		386E887C24CABB0B00CC03D1 /* TagModel.m */ = {isa = PBXFileReference; lastKnownFileType = sourcecode.c.objc; path = TagModel.m; sourceTree = "<group>"; };
		386E887E24CAC79000CC03D1 /* TagSecondCell.h */ = {isa = PBXFileReference; fileEncoding = 4; lastKnownFileType = sourcecode.c.h; path = TagSecondCell.h; sourceTree = "<group>"; };
		386E887F24CAC79000CC03D1 /* TagSecondCell.xib */ = {isa = PBXFileReference; fileEncoding = 4; lastKnownFileType = file.xib; path = TagSecondCell.xib; sourceTree = "<group>"; };
		386E888024CAC79000CC03D1 /* TagSecondCell.m */ = {isa = PBXFileReference; fileEncoding = 4; lastKnownFileType = sourcecode.c.objc; path = TagSecondCell.m; sourceTree = "<group>"; };
		386E888324CACEF000CC03D1 /* TagSecondHeaderView.m */ = {isa = PBXFileReference; fileEncoding = 4; lastKnownFileType = sourcecode.c.objc; path = TagSecondHeaderView.m; sourceTree = "<group>"; };
		386E888424CACEF000CC03D1 /* TagThirdHeaderView.m */ = {isa = PBXFileReference; fileEncoding = 4; lastKnownFileType = sourcecode.c.objc; path = TagThirdHeaderView.m; sourceTree = "<group>"; };
		386E888524CACEF000CC03D1 /* TagThirdHeaderView.xib */ = {isa = PBXFileReference; fileEncoding = 4; lastKnownFileType = file.xib; path = TagThirdHeaderView.xib; sourceTree = "<group>"; };
		386E888624CACEF000CC03D1 /* TagSecondHeaderView.xib */ = {isa = PBXFileReference; fileEncoding = 4; lastKnownFileType = file.xib; path = TagSecondHeaderView.xib; sourceTree = "<group>"; };
		386E888724CACEF000CC03D1 /* TagThirdHeaderView.h */ = {isa = PBXFileReference; fileEncoding = 4; lastKnownFileType = sourcecode.c.h; path = TagThirdHeaderView.h; sourceTree = "<group>"; };
		386E888824CACEF000CC03D1 /* TagSecondHeaderView.h */ = {isa = PBXFileReference; fileEncoding = 4; lastKnownFileType = sourcecode.c.h; path = TagSecondHeaderView.h; sourceTree = "<group>"; };
		386E888D24CAD34F00CC03D1 /* TagThirdCell.h */ = {isa = PBXFileReference; fileEncoding = 4; lastKnownFileType = sourcecode.c.h; path = TagThirdCell.h; sourceTree = "<group>"; };
		386E888F24CAD35000CC03D1 /* TagThirdCell.m */ = {isa = PBXFileReference; fileEncoding = 4; lastKnownFileType = sourcecode.c.objc; path = TagThirdCell.m; sourceTree = "<group>"; };
		386E889224CAD59D00CC03D1 /* UIButton+EnlargeEdge.m */ = {isa = PBXFileReference; fileEncoding = 4; lastKnownFileType = sourcecode.c.objc; path = "UIButton+EnlargeEdge.m"; sourceTree = "<group>"; };
		386E889324CAD59D00CC03D1 /* UIButton+EnlargeEdge.h */ = {isa = PBXFileReference; fileEncoding = 4; lastKnownFileType = sourcecode.c.h; path = "UIButton+EnlargeEdge.h"; sourceTree = "<group>"; };
		3877DA2A24C80EA100158C27 /* StackViewDemo.h */ = {isa = PBXFileReference; lastKnownFileType = sourcecode.c.h; path = StackViewDemo.h; sourceTree = "<group>"; };
		3877DA2B24C80EA100158C27 /* StackViewDemo.m */ = {isa = PBXFileReference; lastKnownFileType = sourcecode.c.objc; path = StackViewDemo.m; sourceTree = "<group>"; };
		3877DA2C24C80EA100158C27 /* StackViewDemo.xib */ = {isa = PBXFileReference; lastKnownFileType = file.xib; path = StackViewDemo.xib; sourceTree = "<group>"; };
		38B1400D24A9D4A4005CC502 /* TestEmptyFile.m */ = {isa = PBXFileReference; lastKnownFileType = sourcecode.c.objc; path = TestEmptyFile.m; sourceTree = "<group>"; };
		38B1400F24A9D4C2005CC502 /* NSObject+YHCategory.h */ = {isa = PBXFileReference; lastKnownFileType = sourcecode.c.h; path = "NSObject+YHCategory.h"; sourceTree = "<group>"; };
		38B1401024A9D4C2005CC502 /* NSObject+YHCategory.m */ = {isa = PBXFileReference; lastKnownFileType = sourcecode.c.objc; path = "NSObject+YHCategory.m"; sourceTree = "<group>"; };
		38B1401224A9D676005CC502 /* NSObject+YHCategoryTwo.h */ = {isa = PBXFileReference; lastKnownFileType = sourcecode.c.h; path = "NSObject+YHCategoryTwo.h"; sourceTree = "<group>"; };
		38B1401324A9D676005CC502 /* NSObject+YHCategoryTwo.m */ = {isa = PBXFileReference; lastKnownFileType = sourcecode.c.objc; path = "NSObject+YHCategoryTwo.m"; sourceTree = "<group>"; };
		38D8EB4624B46E49005BC1E0 /* YHTitleScrollView.h */ = {isa = PBXFileReference; lastKnownFileType = sourcecode.c.h; path = YHTitleScrollView.h; sourceTree = "<group>"; };
		38D8EB4724B46E49005BC1E0 /* YHTitleScrollView.m */ = {isa = PBXFileReference; lastKnownFileType = sourcecode.c.objc; path = YHTitleScrollView.m; sourceTree = "<group>"; };
		38D8EB4A24B593F2005BC1E0 /* UIView+DCRolling.h */ = {isa = PBXFileReference; fileEncoding = 4; lastKnownFileType = sourcecode.c.h; path = "UIView+DCRolling.h"; sourceTree = "<group>"; };
		38D8EB4B24B593F2005BC1E0 /* YHTitleRolling.h */ = {isa = PBXFileReference; fileEncoding = 4; lastKnownFileType = sourcecode.c.h; path = YHTitleRolling.h; sourceTree = "<group>"; };
		38D8EB4C24B593F2005BC1E0 /* YHTitleRolling.m */ = {isa = PBXFileReference; fileEncoding = 4; lastKnownFileType = sourcecode.c.objc; path = YHTitleRolling.m; sourceTree = "<group>"; };
		38D8EB4D24B593F2005BC1E0 /* UIView+DCRolling.m */ = {isa = PBXFileReference; fileEncoding = 4; lastKnownFileType = sourcecode.c.objc; path = "UIView+DCRolling.m"; sourceTree = "<group>"; };
		38D8EB5024B59F8C005BC1E0 /* icon_app_live_on_white.gif */ = {isa = PBXFileReference; lastKnownFileType = image.gif; path = icon_app_live_on_white.gif; sourceTree = "<group>"; };
		38D8EB5124B59F8C005BC1E0 /* icon_app_live_on_red.gif */ = {isa = PBXFileReference; lastKnownFileType = image.gif; path = icon_app_live_on_red.gif; sourceTree = "<group>"; };
		38D918BE24C93CC500834D74 /* DataBaseViewController.h */ = {isa = PBXFileReference; lastKnownFileType = sourcecode.c.h; path = DataBaseViewController.h; sourceTree = "<group>"; };
		38D918BF24C93CC500834D74 /* DataBaseViewController.m */ = {isa = PBXFileReference; lastKnownFileType = sourcecode.c.objc; path = DataBaseViewController.m; sourceTree = "<group>"; };
		38D918C024C93CC500834D74 /* DataBaseViewController.xib */ = {isa = PBXFileReference; lastKnownFileType = file.xib; path = DataBaseViewController.xib; sourceTree = "<group>"; };
		38D918C424C93D3F00834D74 /* CDUser+CoreDataClass.m */ = {isa = PBXFileReference; fileEncoding = 4; lastKnownFileType = sourcecode.c.objc; path = "CDUser+CoreDataClass.m"; sourceTree = "<group>"; };
		38D918C524C93D3F00834D74 /* CDUser+CoreDataProperties.h */ = {isa = PBXFileReference; fileEncoding = 4; lastKnownFileType = sourcecode.c.h; path = "CDUser+CoreDataProperties.h"; sourceTree = "<group>"; };
		38D918C724C93D3F00834D74 /* LearnCoreData.xcdatamodel */ = {isa = PBXFileReference; lastKnownFileType = wrapper.xcdatamodel; path = LearnCoreData.xcdatamodel; sourceTree = "<group>"; };
		38D918C824C93D3F00834D74 /* CDUser+CoreDataClass.h */ = {isa = PBXFileReference; fileEncoding = 4; lastKnownFileType = sourcecode.c.h; path = "CDUser+CoreDataClass.h"; sourceTree = "<group>"; };
		38D918C924C93D3F00834D74 /* CDUser+CoreDataProperties.m */ = {isa = PBXFileReference; fileEncoding = 4; lastKnownFileType = sourcecode.c.objc; path = "CDUser+CoreDataProperties.m"; sourceTree = "<group>"; };
		38D918CC24C93D3F00834D74 /* KeychainConfiguration.h */ = {isa = PBXFileReference; fileEncoding = 4; lastKnownFileType = sourcecode.c.h; path = KeychainConfiguration.h; sourceTree = "<group>"; };
		38D918CD24C93D3F00834D74 /* KeychainWrapper.m */ = {isa = PBXFileReference; fileEncoding = 4; lastKnownFileType = sourcecode.c.objc; path = KeychainWrapper.m; sourceTree = "<group>"; };
		38D918CE24C93D3F00834D74 /* KeychainWrapper.h */ = {isa = PBXFileReference; fileEncoding = 4; lastKnownFileType = sourcecode.c.h; path = KeychainWrapper.h; sourceTree = "<group>"; };
		38D918D024C93D3F00834D74 /* YYUser.m */ = {isa = PBXFileReference; fileEncoding = 4; lastKnownFileType = sourcecode.c.objc; path = YYUser.m; sourceTree = "<group>"; };
		38D918D124C93D3F00834D74 /* YYUser.h */ = {isa = PBXFileReference; fileEncoding = 4; lastKnownFileType = sourcecode.c.h; path = YYUser.h; sourceTree = "<group>"; };
		38D918D724C93D5600834D74 /* LearnDatabase.entitlements */ = {isa = PBXFileReference; fileEncoding = 4; lastKnownFileType = text.plist.entitlements; path = LearnDatabase.entitlements; sourceTree = "<group>"; };
		38D918D824C93D8A00834D74 /* SearchHistoryManager.h */ = {isa = PBXFileReference; fileEncoding = 4; lastKnownFileType = sourcecode.c.h; path = SearchHistoryManager.h; sourceTree = "<group>"; };
		38D918D924C93D8A00834D74 /* SearchHistoryManager.m */ = {isa = PBXFileReference; fileEncoding = 4; lastKnownFileType = sourcecode.c.objc; path = SearchHistoryManager.m; sourceTree = "<group>"; };
		38D918DF24C9792900834D74 /* NSString+Tool.h */ = {isa = PBXFileReference; lastKnownFileType = sourcecode.c.h; path = "NSString+Tool.h"; sourceTree = "<group>"; };
		38D918E024C9792900834D74 /* NSString+Tool.m */ = {isa = PBXFileReference; lastKnownFileType = sourcecode.c.objc; path = "NSString+Tool.m"; sourceTree = "<group>"; };
		38D918F124C9831E00834D74 /* LeeIrregularCollectionViewFlowLayout.h */ = {isa = PBXFileReference; lastKnownFileType = sourcecode.c.h; path = LeeIrregularCollectionViewFlowLayout.h; sourceTree = "<group>"; };
		38D918F224C9831E00834D74 /* LeeIrregularCollectionViewFlowLayout.m */ = {isa = PBXFileReference; lastKnownFileType = sourcecode.c.objc; path = LeeIrregularCollectionViewFlowLayout.m; sourceTree = "<group>"; };
		38D918F424C9838700834D74 /* TagsViewController.h */ = {isa = PBXFileReference; lastKnownFileType = sourcecode.c.h; path = TagsViewController.h; sourceTree = "<group>"; };
		38D918F524C9838700834D74 /* TagsViewController.m */ = {isa = PBXFileReference; lastKnownFileType = sourcecode.c.objc; path = TagsViewController.m; sourceTree = "<group>"; };
		38D918F724C9855800834D74 /* LYHCollectionViewCell.h */ = {isa = PBXFileReference; lastKnownFileType = sourcecode.c.h; path = LYHCollectionViewCell.h; sourceTree = "<group>"; };
		38D918F824C9855800834D74 /* LYHCollectionViewCell.m */ = {isa = PBXFileReference; lastKnownFileType = sourcecode.c.objc; path = LYHCollectionViewCell.m; sourceTree = "<group>"; };
		38D918F924C9855800834D74 /* LYHCollectionViewCell.xib */ = {isa = PBXFileReference; lastKnownFileType = file.xib; path = LYHCollectionViewCell.xib; sourceTree = "<group>"; };
		59252F752482036900F6C929 /* iOSProject.app */ = {isa = PBXFileReference; explicitFileType = wrapper.application; includeInIndex = 0; path = iOSProject.app; sourceTree = BUILT_PRODUCTS_DIR; };
		59252F782482036A00F6C929 /* AppDelegate.h */ = {isa = PBXFileReference; lastKnownFileType = sourcecode.c.h; path = AppDelegate.h; sourceTree = "<group>"; };
		59252F792482036A00F6C929 /* AppDelegate.m */ = {isa = PBXFileReference; lastKnownFileType = sourcecode.c.objc; path = AppDelegate.m; sourceTree = "<group>"; };
		59252F7E2482036A00F6C929 /* ViewController.h */ = {isa = PBXFileReference; lastKnownFileType = sourcecode.c.h; path = ViewController.h; sourceTree = "<group>"; };
		59252F7F2482036A00F6C929 /* ViewController.m */ = {isa = PBXFileReference; lastKnownFileType = sourcecode.c.objc; path = ViewController.m; sourceTree = "<group>"; };
		59252F822482036A00F6C929 /* Base */ = {isa = PBXFileReference; lastKnownFileType = file.storyboard; name = Base; path = Base.lproj/Main.storyboard; sourceTree = "<group>"; };
		59252F842482036B00F6C929 /* Assets.xcassets */ = {isa = PBXFileReference; lastKnownFileType = folder.assetcatalog; path = Assets.xcassets; sourceTree = "<group>"; };
		59252F872482036B00F6C929 /* Base */ = {isa = PBXFileReference; lastKnownFileType = file.storyboard; name = Base; path = Base.lproj/LaunchScreen.storyboard; sourceTree = "<group>"; };
		59252F892482036B00F6C929 /* Info.plist */ = {isa = PBXFileReference; lastKnownFileType = text.plist.xml; path = Info.plist; sourceTree = "<group>"; };
		59252F8A2482036B00F6C929 /* main.m */ = {isa = PBXFileReference; lastKnownFileType = sourcecode.c.objc; path = main.m; sourceTree = "<group>"; };
		59252F902482036B00F6C929 /* iOSProjectTests.xctest */ = {isa = PBXFileReference; explicitFileType = wrapper.cfbundle; includeInIndex = 0; path = iOSProjectTests.xctest; sourceTree = BUILT_PRODUCTS_DIR; };
		59252F942482036B00F6C929 /* iOSProjectTests.m */ = {isa = PBXFileReference; lastKnownFileType = sourcecode.c.objc; path = iOSProjectTests.m; sourceTree = "<group>"; };
		59252F962482036B00F6C929 /* Info.plist */ = {isa = PBXFileReference; lastKnownFileType = text.plist.xml; path = Info.plist; sourceTree = "<group>"; };
		59252F9B2482036B00F6C929 /* iOSProjectUITests.xctest */ = {isa = PBXFileReference; explicitFileType = wrapper.cfbundle; includeInIndex = 0; path = iOSProjectUITests.xctest; sourceTree = BUILT_PRODUCTS_DIR; };
		59252F9F2482036B00F6C929 /* iOSProjectUITests.m */ = {isa = PBXFileReference; lastKnownFileType = sourcecode.c.objc; path = iOSProjectUITests.m; sourceTree = "<group>"; };
		59252FA12482036B00F6C929 /* Info.plist */ = {isa = PBXFileReference; lastKnownFileType = text.plist.xml; path = Info.plist; sourceTree = "<group>"; };
		59252FAF2482081400F6C929 /* YHLock.h */ = {isa = PBXFileReference; lastKnownFileType = sourcecode.c.h; path = YHLock.h; sourceTree = "<group>"; };
		59252FB02482081400F6C929 /* YHLock.m */ = {isa = PBXFileReference; lastKnownFileType = sourcecode.c.objc; path = YHLock.m; sourceTree = "<group>"; };
		599009F724838BDB00DEE1B0 /* YHBlock.h */ = {isa = PBXFileReference; lastKnownFileType = sourcecode.c.h; path = YHBlock.h; sourceTree = "<group>"; };
		599009F824838BDB00DEE1B0 /* YHBlock.m */ = {isa = PBXFileReference; lastKnownFileType = sourcecode.c.objc; path = YHBlock.m; sourceTree = "<group>"; };
		60AED9D7F81FEE6CE6E0464B /* Pods-iOSProject.release.xcconfig */ = {isa = PBXFileReference; includeInIndex = 1; lastKnownFileType = text.xcconfig; name = "Pods-iOSProject.release.xcconfig"; path = "Target Support Files/Pods-iOSProject/Pods-iOSProject.release.xcconfig"; sourceTree = "<group>"; };
		AAE225A8F846684D2FBBF920 /* Pods-iOSProject.debug.xcconfig */ = {isa = PBXFileReference; includeInIndex = 1; lastKnownFileType = text.xcconfig; name = "Pods-iOSProject.debug.xcconfig"; path = "Target Support Files/Pods-iOSProject/Pods-iOSProject.debug.xcconfig"; sourceTree = "<group>"; };
		F5ACD887A0559EED0DCD4854 /* libPods-iOSProject.a */ = {isa = PBXFileReference; explicitFileType = archive.ar; includeInIndex = 0; path = "libPods-iOSProject.a"; sourceTree = BUILT_PRODUCTS_DIR; };
/* End PBXFileReference section */

/* Begin PBXFrameworksBuildPhase section */
		59252F722482036900F6C929 /* Frameworks */ = {
			isa = PBXFrameworksBuildPhase;
			buildActionMask = 2147483647;
			files = (
				60D9E9F12AB2F11EFF2E48C7 /* libPods-iOSProject.a in Frameworks */,
			);
			runOnlyForDeploymentPostprocessing = 0;
		};
		59252F8D2482036B00F6C929 /* Frameworks */ = {
			isa = PBXFrameworksBuildPhase;
			buildActionMask = 2147483647;
			files = (
			);
			runOnlyForDeploymentPostprocessing = 0;
		};
		59252F982482036B00F6C929 /* Frameworks */ = {
			isa = PBXFrameworksBuildPhase;
			buildActionMask = 2147483647;
			files = (
			);
			runOnlyForDeploymentPostprocessing = 0;
		};
/* End PBXFrameworksBuildPhase section */

/* Begin PBXGroup section */
		3803562E24E3D75A003798EA /* 菜单控件 */ = {
			isa = PBXGroup;
			children = (
				3803562F24E3D7CB003798EA /* MenuViewController.h */,
				3803563024E3D7CB003798EA /* MenuViewController.m */,
				3803563224E3D89B003798EA /* MenuView.h */,
				3803563324E3D89B003798EA /* MenuView.m */,
				3803564F24E692D3003798EA /* MenuContentView.h */,
				3803565024E692D3003798EA /* MenuContentView.m */,
				3803563524E3D979003798EA /* YHFilterButton.h */,
				3803563624E3D979003798EA /* YHFilterButton.m */,
				3803563924E3DA4C003798EA /* YHFilterModel.h */,
				3803563824E3DA4C003798EA /* YHFilterModel.m */,
				3803564C24E65B38003798EA /* MenuCollectModel.h */,
				3803564D24E65B38003798EA /* MenuCollectModel.m */,
				3803563E24E3F1FC003798EA /* MenuTableView.h */,
				3803563F24E3F1FC003798EA /* MenuTableView.m */,
				3803564524E53268003798EA /* MenuTableCollectView.h */,
				3803564424E53268003798EA /* MenuTableCollectView.m */,
				3803564124E530E0003798EA /* MenuTableCollectCell.h */,
				3803564224E530E0003798EA /* MenuTableCollectCell.m */,
				3803564724E53300003798EA /* MenuCollectionViewCell.h */,
				3803564824E53300003798EA /* MenuCollectionViewCell.m */,
				3803564924E53300003798EA /* MenuCollectionViewCell.xib */,
			);
			path = "菜单控件";
			sourceTree = "<group>";
		};
		3850192124AB21D3007A64A0 /* Category */ = {
			isa = PBXGroup;
			children = (
				38B1400F24A9D4C2005CC502 /* NSObject+YHCategory.h */,
				38B1401024A9D4C2005CC502 /* NSObject+YHCategory.m */,
				38B1401224A9D676005CC502 /* NSObject+YHCategoryTwo.h */,
				38B1401324A9D676005CC502 /* NSObject+YHCategoryTwo.m */,
			);
			path = Category;
			sourceTree = "<group>";
		};
		3850192224AB21E4007A64A0 /* Runloop */ = {
			isa = PBXGroup;
			children = (
				3850193224AC76BF007A64A0 /* RunloopDemoController.h */,
				3850193324AC76BF007A64A0 /* RunloopDemoController.m */,
			);
			path = Runloop;
			sourceTree = "<group>";
		};
		3850192324AB297D007A64A0 /* UI控件 */ = {
			isa = PBXGroup;
			children = (
				3803562E24E3D75A003798EA /* 菜单控件 */,
				38595D8124D140750064C3DD /* 日期控件 */,
				38D918DB24C978B200834D74 /* 标签 */,
				3877DA2924C80E6900158C27 /* UIStackView */,
				3850192824AB3286007A64A0 /* UITextView */,
				3850192724AB3166007A64A0 /* WKWebView */,
			);
			path = "UI控件";
			sourceTree = "<group>";
		};
		3850192724AB3166007A64A0 /* WKWebView */ = {
			isa = PBXGroup;
			children = (
				3850192424AB2AC1007A64A0 /* WKViewControllerDemo.h */,
				3850192524AB2AC1007A64A0 /* WKViewControllerDemo.m */,
			);
			path = WKWebView;
			sourceTree = "<group>";
		};
		3850192824AB3286007A64A0 /* UITextView */ = {
			isa = PBXGroup;
			children = (
				3850192924AB32A8007A64A0 /* TextViewDemo.h */,
				3850192A24AB32A8007A64A0 /* TextViewDemo.m */,
			);
			path = UITextView;
			sourceTree = "<group>";
		};
		3850193524AC880B007A64A0 /* 动画 */ = {
			isa = PBXGroup;
			children = (
				3850193624AC882D007A64A0 /* AnimationDemo.h */,
				3850193724AC882D007A64A0 /* AnimationDemo.m */,
				38D8EB4624B46E49005BC1E0 /* YHTitleScrollView.h */,
				38D8EB4724B46E49005BC1E0 /* YHTitleScrollView.m */,
				38D8EB4924B593F2005BC1E0 /* YHTitleRolling */,
			);
			path = "动画";
			sourceTree = "<group>";
		};
		38595D8124D140750064C3DD /* 日期控件 */ = {
			isa = PBXGroup;
			children = (
				38595D8224D141650064C3DD /* DateViewController.h */,
				38595D8324D141650064C3DD /* DateViewController.m */,
				38595D8424D141650064C3DD /* DateViewController.xib */,
				38595D8724D269A50064C3DD /* YHDatePickerView.h */,
				38595D8824D269A50064C3DD /* YHDatePickerView.m */,
				38595D8A24D2917C0064C3DD /* UploadConditionView.h */,
				38595D8B24D2917C0064C3DD /* UploadConditionView.m */,
				38595D8D24D298770064C3DD /* UploadButton.h */,
				38595D8E24D298770064C3DD /* UploadButton.m */,
				38595D9024D2C5580064C3DD /* YHPricePickerView.h */,
				38595D9124D2C5580064C3DD /* YHPricePickerView.m */,
			);
			path = "日期控件";
			sourceTree = "<group>";
		};
		3877DA2924C80E6900158C27 /* UIStackView */ = {
			isa = PBXGroup;
			children = (
				3877DA2A24C80EA100158C27 /* StackViewDemo.h */,
				3877DA2B24C80EA100158C27 /* StackViewDemo.m */,
				3877DA2C24C80EA100158C27 /* StackViewDemo.xib */,
			);
			path = UIStackView;
			sourceTree = "<group>";
		};
		38D8EB4924B593F2005BC1E0 /* YHTitleRolling */ = {
			isa = PBXGroup;
			children = (
				38D8EB5124B59F8C005BC1E0 /* icon_app_live_on_red.gif */,
				38D8EB5024B59F8C005BC1E0 /* icon_app_live_on_white.gif */,
				38D8EB4B24B593F2005BC1E0 /* YHTitleRolling.h */,
				38D8EB4C24B593F2005BC1E0 /* YHTitleRolling.m */,
				38D8EB4A24B593F2005BC1E0 /* UIView+DCRolling.h */,
				38D8EB4D24B593F2005BC1E0 /* UIView+DCRolling.m */,
			);
			path = YHTitleRolling;
			sourceTree = "<group>";
		};
		38D918BD24C93B6500834D74 /* 数据持久化 */ = {
			isa = PBXGroup;
			children = (
				38D918D824C93D8A00834D74 /* SearchHistoryManager.h */,
				38D918D924C93D8A00834D74 /* SearchHistoryManager.m */,
				38D918D724C93D5600834D74 /* LearnDatabase.entitlements */,
				38D918C324C93D3F00834D74 /* CoreData */,
				38D918CB24C93D3F00834D74 /* KeychainWrapper */,
				38D918CF24C93D3F00834D74 /* Model */,
				38D918BE24C93CC500834D74 /* DataBaseViewController.h */,
				38D918BF24C93CC500834D74 /* DataBaseViewController.m */,
				38D918C024C93CC500834D74 /* DataBaseViewController.xib */,
			);
			path = "数据持久化";
			sourceTree = "<group>";
		};
		38D918C324C93D3F00834D74 /* CoreData */ = {
			isa = PBXGroup;
			children = (
				38D918C424C93D3F00834D74 /* CDUser+CoreDataClass.m */,
				38D918C524C93D3F00834D74 /* CDUser+CoreDataProperties.h */,
				38D918C624C93D3F00834D74 /* LearnCoreData.xcdatamodeld */,
				38D918C824C93D3F00834D74 /* CDUser+CoreDataClass.h */,
				38D918C924C93D3F00834D74 /* CDUser+CoreDataProperties.m */,
			);
			path = CoreData;
			sourceTree = "<group>";
		};
		38D918CB24C93D3F00834D74 /* KeychainWrapper */ = {
			isa = PBXGroup;
			children = (
				38D918CC24C93D3F00834D74 /* KeychainConfiguration.h */,
				38D918CD24C93D3F00834D74 /* KeychainWrapper.m */,
				38D918CE24C93D3F00834D74 /* KeychainWrapper.h */,
			);
			path = KeychainWrapper;
			sourceTree = "<group>";
		};
		38D918CF24C93D3F00834D74 /* Model */ = {
			isa = PBXGroup;
			children = (
				38D918D024C93D3F00834D74 /* YYUser.m */,
				38D918D124C93D3F00834D74 /* YYUser.h */,
			);
			path = Model;
			sourceTree = "<group>";
		};
		38D918DB24C978B200834D74 /* 标签 */ = {
			isa = PBXGroup;
			children = (
				38D918F124C9831E00834D74 /* LeeIrregularCollectionViewFlowLayout.h */,
				38D918F224C9831E00834D74 /* LeeIrregularCollectionViewFlowLayout.m */,
				38D918F424C9838700834D74 /* TagsViewController.h */,
				38D918F524C9838700834D74 /* TagsViewController.m */,
				386E887B24CABB0B00CC03D1 /* TagModel.h */,
				386E887C24CABB0B00CC03D1 /* TagModel.m */,
				386E887624CA825600CC03D1 /* LYHCollectionHeaderView.h */,
				386E887724CA825600CC03D1 /* LYHCollectionHeaderView.m */,
				386E887824CA825600CC03D1 /* LYHCollectionHeaderView.xib */,
				386E888824CACEF000CC03D1 /* TagSecondHeaderView.h */,
				386E888324CACEF000CC03D1 /* TagSecondHeaderView.m */,
				386E888624CACEF000CC03D1 /* TagSecondHeaderView.xib */,
				386E888724CACEF000CC03D1 /* TagThirdHeaderView.h */,
				386E888424CACEF000CC03D1 /* TagThirdHeaderView.m */,
				386E888524CACEF000CC03D1 /* TagThirdHeaderView.xib */,
				38D918F724C9855800834D74 /* LYHCollectionViewCell.h */,
				38D918F824C9855800834D74 /* LYHCollectionViewCell.m */,
				38D918F924C9855800834D74 /* LYHCollectionViewCell.xib */,
				386E887E24CAC79000CC03D1 /* TagSecondCell.h */,
				386E888024CAC79000CC03D1 /* TagSecondCell.m */,
				386E887F24CAC79000CC03D1 /* TagSecondCell.xib */,
				386E888D24CAD34F00CC03D1 /* TagThirdCell.h */,
				386E888F24CAD35000CC03D1 /* TagThirdCell.m */,
				385A9CBB24CAE81D0033715B /* TagThirdCell.xib */,
				38595D7D24D01D4C0064C3DD /* NewTagCell.h */,
				38595D7E24D01D4C0064C3DD /* NewTagCell.m */,
				38595D7C24D01D4B0064C3DD /* NewTagCell.xib */,
			);
			path = "标签";
			sourceTree = "<group>";
		};
		59252F6C2482036900F6C929 = {
			isa = PBXGroup;
			children = (
				59252F772482036900F6C929 /* iOSProject */,
				59252F932482036B00F6C929 /* iOSProjectTests */,
				59252F9E2482036B00F6C929 /* iOSProjectUITests */,
				59252F762482036900F6C929 /* Products */,
				EE01E4CA340D8C7C3A07C976 /* Pods */,
				9DDCD61266DD0C58B80BD47C /* Frameworks */,
			);
			sourceTree = "<group>";
		};
		59252F762482036900F6C929 /* Products */ = {
			isa = PBXGroup;
			children = (
				59252F752482036900F6C929 /* iOSProject.app */,
				59252F902482036B00F6C929 /* iOSProjectTests.xctest */,
				59252F9B2482036B00F6C929 /* iOSProjectUITests.xctest */,
			);
			name = Products;
			sourceTree = "<group>";
		};
		59252F772482036900F6C929 /* iOSProject */ = {
			isa = PBXGroup;
			children = (
				59252F782482036A00F6C929 /* AppDelegate.h */,
				59252F792482036A00F6C929 /* AppDelegate.m */,
				59252F7E2482036A00F6C929 /* ViewController.h */,
				59252F7F2482036A00F6C929 /* ViewController.m */,
				38B1400D24A9D4A4005CC502 /* TestEmptyFile.m */,
				3838222024B2EF730004CAEE /* Person.h */,
				3838222124B2EF730004CAEE /* Person.m */,
				3838222324B2EF830004CAEE /* Girl.h */,
				3838222424B2EF830004CAEE /* Girl.m */,
				3838222624B2F3CB0004CAEE /* NSObject+Sark.h */,
				3838222724B2F3CB0004CAEE /* NSObject+Sark.m */,
				38D918DF24C9792900834D74 /* NSString+Tool.h */,
				38D918E024C9792900834D74 /* NSString+Tool.m */,
				386E889324CAD59D00CC03D1 /* UIButton+EnlargeEdge.h */,
				386E889224CAD59D00CC03D1 /* UIButton+EnlargeEdge.m */,
				3803563C24E3DE5C003798EA /* UIView+Coordinate.h */,
				3803563B24E3DE5C003798EA /* UIView+Coordinate.m */,
				38D918BD24C93B6500834D74 /* 数据持久化 */,
				3850193524AC880B007A64A0 /* 动画 */,
				3850192324AB297D007A64A0 /* UI控件 */,
				3850192224AB21E4007A64A0 /* Runloop */,
				3850192124AB21D3007A64A0 /* Category */,
				59252FAE2482059900F6C929 /* ViewController生命周期 */,
				599009F624838BB500DEE1B0 /* Block */,
				59252FAD2482057C00F6C929 /* 多线程安全 */,
				59252F812482036A00F6C929 /* Main.storyboard */,
				59252F842482036B00F6C929 /* Assets.xcassets */,
				59252F862482036B00F6C929 /* LaunchScreen.storyboard */,
				59252F892482036B00F6C929 /* Info.plist */,
				59252F8A2482036B00F6C929 /* main.m */,
			);
			path = iOSProject;
			sourceTree = "<group>";
		};
		59252F932482036B00F6C929 /* iOSProjectTests */ = {
			isa = PBXGroup;
			children = (
				59252F942482036B00F6C929 /* iOSProjectTests.m */,
				59252F962482036B00F6C929 /* Info.plist */,
			);
			path = iOSProjectTests;
			sourceTree = "<group>";
		};
		59252F9E2482036B00F6C929 /* iOSProjectUITests */ = {
			isa = PBXGroup;
			children = (
				59252F9F2482036B00F6C929 /* iOSProjectUITests.m */,
				59252FA12482036B00F6C929 /* Info.plist */,
			);
			path = iOSProjectUITests;
			sourceTree = "<group>";
		};
		59252FAD2482057C00F6C929 /* 多线程安全 */ = {
			isa = PBXGroup;
			children = (
				59252FAF2482081400F6C929 /* YHLock.h */,
				59252FB02482081400F6C929 /* YHLock.m */,
			);
			path = "多线程安全";
			sourceTree = "<group>";
		};
		59252FAE2482059900F6C929 /* ViewController生命周期 */ = {
			isa = PBXGroup;
			children = (
				3850190E24AADE82007A64A0 /* LifeViewController.h */,
				3850190F24AADE82007A64A0 /* LifeViewController.m */,
				3850191D24AAE9EE007A64A0 /* LifeViewController.storyboard */,
				3850191F24AAED78007A64A0 /* TestX.xib */,
			);
			path = "ViewController生命周期";
			sourceTree = "<group>";
		};
		599009F624838BB500DEE1B0 /* Block */ = {
			isa = PBXGroup;
			children = (
				599009F724838BDB00DEE1B0 /* YHBlock.h */,
				599009F824838BDB00DEE1B0 /* YHBlock.m */,
			);
			path = Block;
			sourceTree = "<group>";
		};
		9DDCD61266DD0C58B80BD47C /* Frameworks */ = {
			isa = PBXGroup;
			children = (
				F5ACD887A0559EED0DCD4854 /* libPods-iOSProject.a */,
			);
			name = Frameworks;
			sourceTree = "<group>";
		};
		EE01E4CA340D8C7C3A07C976 /* Pods */ = {
			isa = PBXGroup;
			children = (
				AAE225A8F846684D2FBBF920 /* Pods-iOSProject.debug.xcconfig */,
				60AED9D7F81FEE6CE6E0464B /* Pods-iOSProject.release.xcconfig */,
			);
			path = Pods;
			sourceTree = "<group>";
		};
/* End PBXGroup section */

/* Begin PBXNativeTarget section */
		59252F742482036900F6C929 /* iOSProject */ = {
			isa = PBXNativeTarget;
			buildConfigurationList = 59252FA42482036B00F6C929 /* Build configuration list for PBXNativeTarget "iOSProject" */;
			buildPhases = (
				17CC1164C5A3F53AD2411826 /* [CP] Check Pods Manifest.lock */,
				59252F712482036900F6C929 /* Sources */,
				59252F722482036900F6C929 /* Frameworks */,
				59252F732482036900F6C929 /* Resources */,
			);
			buildRules = (
			);
			dependencies = (
			);
			name = iOSProject;
			productName = iOSProject;
			productReference = 59252F752482036900F6C929 /* iOSProject.app */;
			productType = "com.apple.product-type.application";
		};
		59252F8F2482036B00F6C929 /* iOSProjectTests */ = {
			isa = PBXNativeTarget;
			buildConfigurationList = 59252FA72482036B00F6C929 /* Build configuration list for PBXNativeTarget "iOSProjectTests" */;
			buildPhases = (
				59252F8C2482036B00F6C929 /* Sources */,
				59252F8D2482036B00F6C929 /* Frameworks */,
				59252F8E2482036B00F6C929 /* Resources */,
			);
			buildRules = (
			);
			dependencies = (
				59252F922482036B00F6C929 /* PBXTargetDependency */,
			);
			name = iOSProjectTests;
			productName = iOSProjectTests;
			productReference = 59252F902482036B00F6C929 /* iOSProjectTests.xctest */;
			productType = "com.apple.product-type.bundle.unit-test";
		};
		59252F9A2482036B00F6C929 /* iOSProjectUITests */ = {
			isa = PBXNativeTarget;
			buildConfigurationList = 59252FAA2482036B00F6C929 /* Build configuration list for PBXNativeTarget "iOSProjectUITests" */;
			buildPhases = (
				59252F972482036B00F6C929 /* Sources */,
				59252F982482036B00F6C929 /* Frameworks */,
				59252F992482036B00F6C929 /* Resources */,
			);
			buildRules = (
			);
			dependencies = (
				59252F9D2482036B00F6C929 /* PBXTargetDependency */,
			);
			name = iOSProjectUITests;
			productName = iOSProjectUITests;
			productReference = 59252F9B2482036B00F6C929 /* iOSProjectUITests.xctest */;
			productType = "com.apple.product-type.bundle.ui-testing";
		};
/* End PBXNativeTarget section */

/* Begin PBXProject section */
		59252F6D2482036900F6C929 /* Project object */ = {
			isa = PBXProject;
			attributes = {
				LastUpgradeCheck = 1130;
				ORGANIZATIONNAME = "刘亚和";
				TargetAttributes = {
					59252F742482036900F6C929 = {
						CreatedOnToolsVersion = 11.3.1;
					};
					59252F8F2482036B00F6C929 = {
						CreatedOnToolsVersion = 11.3.1;
						TestTargetID = 59252F742482036900F6C929;
					};
					59252F9A2482036B00F6C929 = {
						CreatedOnToolsVersion = 11.3.1;
						TestTargetID = 59252F742482036900F6C929;
					};
				};
			};
			buildConfigurationList = 59252F702482036900F6C929 /* Build configuration list for PBXProject "iOSProject" */;
			compatibilityVersion = "Xcode 9.3";
			developmentRegion = en;
			hasScannedForEncodings = 0;
			knownRegions = (
				en,
				Base,
			);
			mainGroup = 59252F6C2482036900F6C929;
			productRefGroup = 59252F762482036900F6C929 /* Products */;
			projectDirPath = "";
			projectRoot = "";
			targets = (
				59252F742482036900F6C929 /* iOSProject */,
				59252F8F2482036B00F6C929 /* iOSProjectTests */,
				59252F9A2482036B00F6C929 /* iOSProjectUITests */,
			);
		};
/* End PBXProject section */

/* Begin PBXResourcesBuildPhase section */
		59252F732482036900F6C929 /* Resources */ = {
			isa = PBXResourcesBuildPhase;
			buildActionMask = 2147483647;
			files = (
				386E888B24CACEF100CC03D1 /* TagThirdHeaderView.xib in Resources */,
				38D918FB24C9855800834D74 /* LYHCollectionViewCell.xib in Resources */,
				3877DA2E24C80EA100158C27 /* StackViewDemo.xib in Resources */,
				3850192024AAED78007A64A0 /* TestX.xib in Resources */,
				386E887A24CA825600CC03D1 /* LYHCollectionHeaderView.xib in Resources */,
				38595D7F24D01D4C0064C3DD /* NewTagCell.xib in Resources */,
				59252F882482036B00F6C929 /* LaunchScreen.storyboard in Resources */,
				38595D8624D141650064C3DD /* DateViewController.xib in Resources */,
				38D8EB5224B59F8C005BC1E0 /* icon_app_live_on_white.gif in Resources */,
				59252F852482036B00F6C929 /* Assets.xcassets in Resources */,
				385A9CBC24CAE81D0033715B /* TagThirdCell.xib in Resources */,
				38D8EB5324B59F8C005BC1E0 /* icon_app_live_on_red.gif in Resources */,
				3850191E24AAE9EE007A64A0 /* LifeViewController.storyboard in Resources */,
				3803564B24E53300003798EA /* MenuCollectionViewCell.xib in Resources */,
				38D918C224C93CC500834D74 /* DataBaseViewController.xib in Resources */,
				386E888124CAC79000CC03D1 /* TagSecondCell.xib in Resources */,
				386E888C24CACEF100CC03D1 /* TagSecondHeaderView.xib in Resources */,
				59252F832482036A00F6C929 /* Main.storyboard in Resources */,
			);
			runOnlyForDeploymentPostprocessing = 0;
		};
		59252F8E2482036B00F6C929 /* Resources */ = {
			isa = PBXResourcesBuildPhase;
			buildActionMask = 2147483647;
			files = (
			);
			runOnlyForDeploymentPostprocessing = 0;
		};
		59252F992482036B00F6C929 /* Resources */ = {
			isa = PBXResourcesBuildPhase;
			buildActionMask = 2147483647;
			files = (
			);
			runOnlyForDeploymentPostprocessing = 0;
		};
/* End PBXResourcesBuildPhase section */

/* Begin PBXShellScriptBuildPhase section */
		17CC1164C5A3F53AD2411826 /* [CP] Check Pods Manifest.lock */ = {
			isa = PBXShellScriptBuildPhase;
			buildActionMask = 2147483647;
			files = (
			);
			inputFileListPaths = (
			);
			inputPaths = (
				"${PODS_PODFILE_DIR_PATH}/Podfile.lock",
				"${PODS_ROOT}/Manifest.lock",
			);
			name = "[CP] Check Pods Manifest.lock";
			outputFileListPaths = (
			);
			outputPaths = (
				"$(DERIVED_FILE_DIR)/Pods-iOSProject-checkManifestLockResult.txt",
			);
			runOnlyForDeploymentPostprocessing = 0;
			shellPath = /bin/sh;
			shellScript = "diff \"${PODS_PODFILE_DIR_PATH}/Podfile.lock\" \"${PODS_ROOT}/Manifest.lock\" > /dev/null\nif [ $? != 0 ] ; then\n    # print error to STDERR\n    echo \"error: The sandbox is not in sync with the Podfile.lock. Run 'pod install' or update your CocoaPods installation.\" >&2\n    exit 1\nfi\n# This output is used by Xcode 'outputs' to avoid re-running this script phase.\necho \"SUCCESS\" > \"${SCRIPT_OUTPUT_FILE_0}\"\n";
			showEnvVarsInLog = 0;
		};
/* End PBXShellScriptBuildPhase section */

/* Begin PBXSourcesBuildPhase section */
		59252F712482036900F6C929 /* Sources */ = {
			isa = PBXSourcesBuildPhase;
			buildActionMask = 2147483647;
			files = (
				38D918D324C93D3F00834D74 /* LearnCoreData.xcdatamodeld in Sources */,
				38B1401124A9D4C2005CC502 /* NSObject+YHCategory.m in Sources */,
				38D918DA24C93D8A00834D74 /* SearchHistoryManager.m in Sources */,
				3803564A24E53300003798EA /* MenuCollectionViewCell.m in Sources */,
				38D8EB4E24B593F2005BC1E0 /* YHTitleRolling.m in Sources */,
				59252F802482036A00F6C929 /* ViewController.m in Sources */,
				38D918FA24C9855800834D74 /* LYHCollectionViewCell.m in Sources */,
				3838222224B2EF730004CAEE /* Person.m in Sources */,
				3803563D24E3DE5C003798EA /* UIView+Coordinate.m in Sources */,
				3877DA2D24C80EA100158C27 /* StackViewDemo.m in Sources */,
				38D918E124C9792900834D74 /* NSString+Tool.m in Sources */,
				3803564024E3F1FC003798EA /* MenuTableView.m in Sources */,
				38B1400E24A9D4A4005CC502 /* TestEmptyFile.m in Sources */,
				386E888A24CACEF100CC03D1 /* TagThirdHeaderView.m in Sources */,
				38D918C124C93CC500834D74 /* DataBaseViewController.m in Sources */,
				38595D8524D141650064C3DD /* DateViewController.m in Sources */,
				38D8EB4F24B593F2005BC1E0 /* UIView+DCRolling.m in Sources */,
				38D918F624C9838700834D74 /* TagsViewController.m in Sources */,
				3850192624AB2AC1007A64A0 /* WKViewControllerDemo.m in Sources */,
				38D8EB4824B46E49005BC1E0 /* YHTitleScrollView.m in Sources */,
				3838222524B2EF830004CAEE /* Girl.m in Sources */,
				3803563A24E3DA4D003798EA /* YHFilterModel.m in Sources */,
				38595D8924D269A50064C3DD /* YHDatePickerView.m in Sources */,
				3803563124E3D7CB003798EA /* MenuViewController.m in Sources */,
				3803564624E53268003798EA /* MenuTableCollectView.m in Sources */,
				386E888924CACEF100CC03D1 /* TagSecondHeaderView.m in Sources */,
				3850193824AC882D007A64A0 /* AnimationDemo.m in Sources */,
				386E889424CAD59D00CC03D1 /* UIButton+EnlargeEdge.m in Sources */,
				3803563724E3D97A003798EA /* YHFilterButton.m in Sources */,
				386E887924CA825600CC03D1 /* LYHCollectionHeaderView.m in Sources */,
				386E888224CAC79000CC03D1 /* TagSecondCell.m in Sources */,
				386E887D24CABB0B00CC03D1 /* TagModel.m in Sources */,
				59252FB12482081400F6C929 /* YHLock.m in Sources */,
				3850192B24AB32A8007A64A0 /* TextViewDemo.m in Sources */,
				38595D9224D2C5580064C3DD /* YHPricePickerView.m in Sources */,
				599009F924838BDB00DEE1B0 /* YHBlock.m in Sources */,
				59252F7A2482036A00F6C929 /* AppDelegate.m in Sources */,
				3803565124E692D3003798EA /* MenuContentView.m in Sources */,
				38595D8024D01D4C0064C3DD /* NewTagCell.m in Sources */,
				386E889124CAD35000CC03D1 /* TagThirdCell.m in Sources */,
				3803564E24E65B38003798EA /* MenuCollectModel.m in Sources */,
				3803564324E530E0003798EA /* MenuTableCollectCell.m in Sources */,
				59252F8B2482036B00F6C929 /* main.m in Sources */,
				38D918F324C9831E00834D74 /* LeeIrregularCollectionViewFlowLayout.m in Sources */,
				38595D8F24D298770064C3DD /* UploadButton.m in Sources */,
				38595D8C24D2917C0064C3DD /* UploadConditionView.m in Sources */,
				3850191024AADE82007A64A0 /* LifeViewController.m in Sources */,
				3850193424AC76BF007A64A0 /* RunloopDemoController.m in Sources */,
				38D918D624C93D3F00834D74 /* YYUser.m in Sources */,
				38D918D224C93D3F00834D74 /* CDUser+CoreDataClass.m in Sources */,
				3838222824B2F3CB0004CAEE /* NSObject+Sark.m in Sources */,
				38B1401424A9D676005CC502 /* NSObject+YHCategoryTwo.m in Sources */,
				3803563424E3D89B003798EA /* MenuView.m in Sources */,
				38D918D424C93D3F00834D74 /* CDUser+CoreDataProperties.m in Sources */,
				38D918D524C93D3F00834D74 /* KeychainWrapper.m in Sources */,
			);
			runOnlyForDeploymentPostprocessing = 0;
		};
		59252F8C2482036B00F6C929 /* Sources */ = {
			isa = PBXSourcesBuildPhase;
			buildActionMask = 2147483647;
			files = (
				59252F952482036B00F6C929 /* iOSProjectTests.m in Sources */,
			);
			runOnlyForDeploymentPostprocessing = 0;
		};
		59252F972482036B00F6C929 /* Sources */ = {
			isa = PBXSourcesBuildPhase;
			buildActionMask = 2147483647;
			files = (
				59252FA02482036B00F6C929 /* iOSProjectUITests.m in Sources */,
			);
			runOnlyForDeploymentPostprocessing = 0;
		};
/* End PBXSourcesBuildPhase section */

/* Begin PBXTargetDependency section */
		59252F922482036B00F6C929 /* PBXTargetDependency */ = {
			isa = PBXTargetDependency;
			target = 59252F742482036900F6C929 /* iOSProject */;
			targetProxy = 59252F912482036B00F6C929 /* PBXContainerItemProxy */;
		};
		59252F9D2482036B00F6C929 /* PBXTargetDependency */ = {
			isa = PBXTargetDependency;
			target = 59252F742482036900F6C929 /* iOSProject */;
			targetProxy = 59252F9C2482036B00F6C929 /* PBXContainerItemProxy */;
		};
/* End PBXTargetDependency section */

/* Begin PBXVariantGroup section */
		59252F812482036A00F6C929 /* Main.storyboard */ = {
			isa = PBXVariantGroup;
			children = (
				59252F822482036A00F6C929 /* Base */,
			);
			name = Main.storyboard;
			sourceTree = "<group>";
		};
		59252F862482036B00F6C929 /* LaunchScreen.storyboard */ = {
			isa = PBXVariantGroup;
			children = (
				59252F872482036B00F6C929 /* Base */,
			);
			name = LaunchScreen.storyboard;
			sourceTree = "<group>";
		};
/* End PBXVariantGroup section */

/* Begin XCBuildConfiguration section */
		59252FA22482036B00F6C929 /* Debug */ = {
			isa = XCBuildConfiguration;
			buildSettings = {
				ALWAYS_SEARCH_USER_PATHS = NO;
				CLANG_ANALYZER_NONNULL = YES;
				CLANG_ANALYZER_NUMBER_OBJECT_CONVERSION = YES_AGGRESSIVE;
				CLANG_CXX_LANGUAGE_STANDARD = "gnu++14";
				CLANG_CXX_LIBRARY = "libc++";
				CLANG_ENABLE_MODULES = YES;
				CLANG_ENABLE_OBJC_ARC = YES;
				CLANG_ENABLE_OBJC_WEAK = YES;
				CLANG_WARN_BLOCK_CAPTURE_AUTORELEASING = YES;
				CLANG_WARN_BOOL_CONVERSION = YES;
				CLANG_WARN_COMMA = YES;
				CLANG_WARN_CONSTANT_CONVERSION = YES;
				CLANG_WARN_DEPRECATED_OBJC_IMPLEMENTATIONS = YES;
				CLANG_WARN_DIRECT_OBJC_ISA_USAGE = YES_ERROR;
				CLANG_WARN_DOCUMENTATION_COMMENTS = YES;
				CLANG_WARN_EMPTY_BODY = YES;
				CLANG_WARN_ENUM_CONVERSION = YES;
				CLANG_WARN_INFINITE_RECURSION = YES;
				CLANG_WARN_INT_CONVERSION = YES;
				CLANG_WARN_NON_LITERAL_NULL_CONVERSION = YES;
				CLANG_WARN_OBJC_IMPLICIT_RETAIN_SELF = YES;
				CLANG_WARN_OBJC_LITERAL_CONVERSION = YES;
				CLANG_WARN_OBJC_ROOT_CLASS = YES_ERROR;
				CLANG_WARN_RANGE_LOOP_ANALYSIS = YES;
				CLANG_WARN_STRICT_PROTOTYPES = YES;
				CLANG_WARN_SUSPICIOUS_MOVE = YES;
				CLANG_WARN_UNGUARDED_AVAILABILITY = YES_AGGRESSIVE;
				CLANG_WARN_UNREACHABLE_CODE = YES;
				CLANG_WARN__DUPLICATE_METHOD_MATCH = YES;
				COPY_PHASE_STRIP = NO;
				DEBUG_INFORMATION_FORMAT = dwarf;
				ENABLE_STRICT_OBJC_MSGSEND = YES;
				ENABLE_TESTABILITY = YES;
				GCC_C_LANGUAGE_STANDARD = gnu11;
				GCC_DYNAMIC_NO_PIC = NO;
				GCC_NO_COMMON_BLOCKS = YES;
				GCC_OPTIMIZATION_LEVEL = 0;
				GCC_PREPROCESSOR_DEFINITIONS = (
					"DEBUG=1",
					"$(inherited)",
				);
				GCC_WARN_64_TO_32_BIT_CONVERSION = YES;
				GCC_WARN_ABOUT_RETURN_TYPE = YES_ERROR;
				GCC_WARN_UNDECLARED_SELECTOR = YES;
				GCC_WARN_UNINITIALIZED_AUTOS = YES_AGGRESSIVE;
				GCC_WARN_UNUSED_FUNCTION = YES;
				GCC_WARN_UNUSED_VARIABLE = YES;
				IPHONEOS_DEPLOYMENT_TARGET = 13.2;
				MTL_ENABLE_DEBUG_INFO = INCLUDE_SOURCE;
				MTL_FAST_MATH = YES;
				ONLY_ACTIVE_ARCH = YES;
				SDKROOT = iphoneos;
			};
			name = Debug;
		};
		59252FA32482036B00F6C929 /* Release */ = {
			isa = XCBuildConfiguration;
			buildSettings = {
				ALWAYS_SEARCH_USER_PATHS = NO;
				CLANG_ANALYZER_NONNULL = YES;
				CLANG_ANALYZER_NUMBER_OBJECT_CONVERSION = YES_AGGRESSIVE;
				CLANG_CXX_LANGUAGE_STANDARD = "gnu++14";
				CLANG_CXX_LIBRARY = "libc++";
				CLANG_ENABLE_MODULES = YES;
				CLANG_ENABLE_OBJC_ARC = YES;
				CLANG_ENABLE_OBJC_WEAK = YES;
				CLANG_WARN_BLOCK_CAPTURE_AUTORELEASING = YES;
				CLANG_WARN_BOOL_CONVERSION = YES;
				CLANG_WARN_COMMA = YES;
				CLANG_WARN_CONSTANT_CONVERSION = YES;
				CLANG_WARN_DEPRECATED_OBJC_IMPLEMENTATIONS = YES;
				CLANG_WARN_DIRECT_OBJC_ISA_USAGE = YES_ERROR;
				CLANG_WARN_DOCUMENTATION_COMMENTS = YES;
				CLANG_WARN_EMPTY_BODY = YES;
				CLANG_WARN_ENUM_CONVERSION = YES;
				CLANG_WARN_INFINITE_RECURSION = YES;
				CLANG_WARN_INT_CONVERSION = YES;
				CLANG_WARN_NON_LITERAL_NULL_CONVERSION = YES;
				CLANG_WARN_OBJC_IMPLICIT_RETAIN_SELF = YES;
				CLANG_WARN_OBJC_LITERAL_CONVERSION = YES;
				CLANG_WARN_OBJC_ROOT_CLASS = YES_ERROR;
				CLANG_WARN_RANGE_LOOP_ANALYSIS = YES;
				CLANG_WARN_STRICT_PROTOTYPES = YES;
				CLANG_WARN_SUSPICIOUS_MOVE = YES;
				CLANG_WARN_UNGUARDED_AVAILABILITY = YES_AGGRESSIVE;
				CLANG_WARN_UNREACHABLE_CODE = YES;
				CLANG_WARN__DUPLICATE_METHOD_MATCH = YES;
				COPY_PHASE_STRIP = NO;
				DEBUG_INFORMATION_FORMAT = "dwarf-with-dsym";
				ENABLE_NS_ASSERTIONS = NO;
				ENABLE_STRICT_OBJC_MSGSEND = YES;
				GCC_C_LANGUAGE_STANDARD = gnu11;
				GCC_NO_COMMON_BLOCKS = YES;
				GCC_WARN_64_TO_32_BIT_CONVERSION = YES;
				GCC_WARN_ABOUT_RETURN_TYPE = YES_ERROR;
				GCC_WARN_UNDECLARED_SELECTOR = YES;
				GCC_WARN_UNINITIALIZED_AUTOS = YES_AGGRESSIVE;
				GCC_WARN_UNUSED_FUNCTION = YES;
				GCC_WARN_UNUSED_VARIABLE = YES;
				IPHONEOS_DEPLOYMENT_TARGET = 13.2;
				MTL_ENABLE_DEBUG_INFO = NO;
				MTL_FAST_MATH = YES;
				SDKROOT = iphoneos;
				VALIDATE_PRODUCT = YES;
			};
			name = Release;
		};
		59252FA52482036B00F6C929 /* Debug */ = {
			isa = XCBuildConfiguration;
			baseConfigurationReference = AAE225A8F846684D2FBBF920 /* Pods-iOSProject.debug.xcconfig */;
			buildSettings = {
				ASSETCATALOG_COMPILER_APPICON_NAME = AppIcon;
				CODE_SIGN_STYLE = Automatic;
				DEVELOPMENT_TEAM = Q33S7U48XM;
				INFOPLIST_FILE = iOSProject/Info.plist;
				LD_RUNPATH_SEARCH_PATHS = (
					"$(inherited)",
					"@executable_path/Frameworks",
				);
				PRODUCT_BUNDLE_IDENTIFIER = LYH.iOSProject;
				PRODUCT_NAME = "$(TARGET_NAME)";
				TARGETED_DEVICE_FAMILY = "1,2";
			};
			name = Debug;
		};
		59252FA62482036B00F6C929 /* Release */ = {
			isa = XCBuildConfiguration;
			baseConfigurationReference = 60AED9D7F81FEE6CE6E0464B /* Pods-iOSProject.release.xcconfig */;
			buildSettings = {
				ASSETCATALOG_COMPILER_APPICON_NAME = AppIcon;
				CODE_SIGN_STYLE = Automatic;
				DEVELOPMENT_TEAM = Q33S7U48XM;
				INFOPLIST_FILE = iOSProject/Info.plist;
				LD_RUNPATH_SEARCH_PATHS = (
					"$(inherited)",
					"@executable_path/Frameworks",
				);
				PRODUCT_BUNDLE_IDENTIFIER = LYH.iOSProject;
				PRODUCT_NAME = "$(TARGET_NAME)";
				TARGETED_DEVICE_FAMILY = "1,2";
			};
			name = Release;
		};
		59252FA82482036B00F6C929 /* Debug */ = {
			isa = XCBuildConfiguration;
			buildSettings = {
				BUNDLE_LOADER = "$(TEST_HOST)";
				CODE_SIGN_STYLE = Automatic;
				DEVELOPMENT_TEAM = Q33S7U48XM;
				INFOPLIST_FILE = iOSProjectTests/Info.plist;
				IPHONEOS_DEPLOYMENT_TARGET = 13.2;
				LD_RUNPATH_SEARCH_PATHS = (
					"$(inherited)",
					"@executable_path/Frameworks",
					"@loader_path/Frameworks",
				);
				PRODUCT_BUNDLE_IDENTIFIER = LYH.iOSProjectTests;
				PRODUCT_NAME = "$(TARGET_NAME)";
				TARGETED_DEVICE_FAMILY = "1,2";
				TEST_HOST = "$(BUILT_PRODUCTS_DIR)/iOSProject.app/iOSProject";
			};
			name = Debug;
		};
		59252FA92482036B00F6C929 /* Release */ = {
			isa = XCBuildConfiguration;
			buildSettings = {
				BUNDLE_LOADER = "$(TEST_HOST)";
				CODE_SIGN_STYLE = Automatic;
				DEVELOPMENT_TEAM = Q33S7U48XM;
				INFOPLIST_FILE = iOSProjectTests/Info.plist;
				IPHONEOS_DEPLOYMENT_TARGET = 13.2;
				LD_RUNPATH_SEARCH_PATHS = (
					"$(inherited)",
					"@executable_path/Frameworks",
					"@loader_path/Frameworks",
				);
				PRODUCT_BUNDLE_IDENTIFIER = LYH.iOSProjectTests;
				PRODUCT_NAME = "$(TARGET_NAME)";
				TARGETED_DEVICE_FAMILY = "1,2";
				TEST_HOST = "$(BUILT_PRODUCTS_DIR)/iOSProject.app/iOSProject";
			};
			name = Release;
		};
		59252FAB2482036B00F6C929 /* Debug */ = {
			isa = XCBuildConfiguration;
			buildSettings = {
				CODE_SIGN_STYLE = Automatic;
				DEVELOPMENT_TEAM = Q33S7U48XM;
				INFOPLIST_FILE = iOSProjectUITests/Info.plist;
				LD_RUNPATH_SEARCH_PATHS = (
					"$(inherited)",
					"@executable_path/Frameworks",
					"@loader_path/Frameworks",
				);
				PRODUCT_BUNDLE_IDENTIFIER = LYH.iOSProjectUITests;
				PRODUCT_NAME = "$(TARGET_NAME)";
				TARGETED_DEVICE_FAMILY = "1,2";
				TEST_TARGET_NAME = iOSProject;
			};
			name = Debug;
		};
		59252FAC2482036B00F6C929 /* Release */ = {
			isa = XCBuildConfiguration;
			buildSettings = {
				CODE_SIGN_STYLE = Automatic;
				DEVELOPMENT_TEAM = Q33S7U48XM;
				INFOPLIST_FILE = iOSProjectUITests/Info.plist;
				LD_RUNPATH_SEARCH_PATHS = (
					"$(inherited)",
					"@executable_path/Frameworks",
					"@loader_path/Frameworks",
				);
				PRODUCT_BUNDLE_IDENTIFIER = LYH.iOSProjectUITests;
				PRODUCT_NAME = "$(TARGET_NAME)";
				TARGETED_DEVICE_FAMILY = "1,2";
				TEST_TARGET_NAME = iOSProject;
			};
			name = Release;
		};
/* End XCBuildConfiguration section */

/* Begin XCConfigurationList section */
		59252F702482036900F6C929 /* Build configuration list for PBXProject "iOSProject" */ = {
			isa = XCConfigurationList;
			buildConfigurations = (
				59252FA22482036B00F6C929 /* Debug */,
				59252FA32482036B00F6C929 /* Release */,
			);
			defaultConfigurationIsVisible = 0;
			defaultConfigurationName = Release;
		};
		59252FA42482036B00F6C929 /* Build configuration list for PBXNativeTarget "iOSProject" */ = {
			isa = XCConfigurationList;
			buildConfigurations = (
				59252FA52482036B00F6C929 /* Debug */,
				59252FA62482036B00F6C929 /* Release */,
			);
			defaultConfigurationIsVisible = 0;
			defaultConfigurationName = Release;
		};
		59252FA72482036B00F6C929 /* Build configuration list for PBXNativeTarget "iOSProjectTests" */ = {
			isa = XCConfigurationList;
			buildConfigurations = (
				59252FA82482036B00F6C929 /* Debug */,
				59252FA92482036B00F6C929 /* Release */,
			);
			defaultConfigurationIsVisible = 0;
			defaultConfigurationName = Release;
		};
		59252FAA2482036B00F6C929 /* Build configuration list for PBXNativeTarget "iOSProjectUITests" */ = {
			isa = XCConfigurationList;
			buildConfigurations = (
				59252FAB2482036B00F6C929 /* Debug */,
				59252FAC2482036B00F6C929 /* Release */,
			);
			defaultConfigurationIsVisible = 0;
			defaultConfigurationName = Release;
		};
/* End XCConfigurationList section */

/* Begin XCVersionGroup section */
		38D918C624C93D3F00834D74 /* LearnCoreData.xcdatamodeld */ = {
			isa = XCVersionGroup;
			children = (
				38D918C724C93D3F00834D74 /* LearnCoreData.xcdatamodel */,
			);
			currentVersion = 38D918C724C93D3F00834D74 /* LearnCoreData.xcdatamodel */;
			path = LearnCoreData.xcdatamodeld;
			sourceTree = "<group>";
			versionGroupType = wrapper.xcdatamodel;
		};
/* End XCVersionGroup section */
	};
	rootObject = 59252F6D2482036900F6C929 /* Project object */;
}
